Microsoft Visual Studio Solution File, Format Version 12.00
# Visual Studio Version 17
VisualStudioVersion = 17.5.2.0
MinimumVisualStudioVersion = 10.0.40219.1
Project("{2150E333-8FDC-42A3-9474-1A3956D46DE8}") = "Source", "Source", "{B8EFCA5F-814F-285C-A8CB-F00F14650265}"
EndProject
Project("{FAE04EC0-301F-11D3-BF4B-00C04F79EFBC}") = "VttTools.AppHost", "Source\AppHost\VttTools.AppHost.csproj", "{61C84AD8-A4CD-7FF7-F04B-AB1AE31BCA4E}"
EndProject
Project("{FAE04EC0-301F-11D3-BF4B-00C04F79EFBC}") = "VttTools.Assets", "Source\Assets\VttTools.Assets.csproj", "{957C45EE-E14D-1274-8628-98470951ABC4}"
EndProject
Project("{FAE04EC0-301F-11D3-BF4B-00C04F79EFBC}") = "VttTools.Assets.UnitTests", "Source\Assets.UnitTests\VttTools.Assets.UnitTests.csproj", "{4F123867-B9A6-DCC0-3C22-15680A4BC095}"
EndProject
Project("{FAE04EC0-301F-11D3-BF4B-00C04F79EFBC}") = "VttTools.Auth", "Source\Auth\VttTools.Auth.csproj", "{1DE0D00D-A74D-D4D8-ACA5-14412E6B47CC}"
EndProject
Project("{FAE04EC0-301F-11D3-BF4B-00C04F79EFBC}") = "VttTools.Common", "Source\Common\VttTools.Common.csproj", "{1C4C41A2-E7E5-B363-062E-020F5C896749}"
EndProject
Project("{FAE04EC0-301F-11D3-BF4B-00C04F79EFBC}") = "VttTools.Common.UnitTests", "Source\Common.UnitTests\VttTools.Common.UnitTests.csproj", "{4EB5900A-C558-EE9A-B478-3D2FFF8A8284}"
EndProject
Project("{FAE04EC0-301F-11D3-BF4B-00C04F79EFBC}") = "VttTools.Core", "Source\Core\VttTools.Core.csproj", "{4091A837-3968-DAF0-893E-15E4DDD3D092}"
EndProject
Project("{FAE04EC0-301F-11D3-BF4B-00C04F79EFBC}") = "VttTools.Core.UnitTests", "Source\Core.UnitTests\VttTools.Core.UnitTests.csproj", "{F8B435B5-BA80-9953-A198-4343D8FCA513}"
EndProject
Project("{FAE04EC0-301F-11D3-BF4B-00C04F79EFBC}") = "VttTools.Data", "Source\Data\VttTools.Data.csproj", "{75CE2E33-E9D4-4AEA-1584-299FCBFD5014}"
EndProject
Project("{FAE04EC0-301F-11D3-BF4B-00C04F79EFBC}") = "VttTools.Data.MigrationService", "Source\Data.MigrationService\VttTools.Data.MigrationService.csproj", "{3C34ADE7-11B2-E30C-2567-D809074B3E27}"
EndProject
Project("{FAE04EC0-301F-11D3-BF4B-00C04F79EFBC}") = "VttTools.Data.UnitTests", "Source\Data.UnitTests\VttTools.Data.UnitTests.csproj", "{747DA043-B908-602B-01A2-91A9125EDAD8}"
EndProject
Project("{FAE04EC0-301F-11D3-BF4B-00C04F79EFBC}") = "VttTools.Domain", "Source\Domain\VttTools.Domain.csproj", "{4DF26B78-D75F-989D-2C9C-42AF8BCD7C9F}"
EndProject
Project("{FAE04EC0-301F-11D3-BF4B-00C04F79EFBC}") = "VttTools.Domain.UnitTests", "Source\Domain.UnitTests\VttTools.Domain.UnitTests.csproj", "{9E517C06-4DDE-E4D6-8431-E7B1D89B1FEF}"
EndProject
Project("{FAE04EC0-301F-11D3-BF4B-00C04F79EFBC}") = "VttTools.Game", "Source\Game\VttTools.Game.csproj", "{8CAEECB7-78CF-C39B-0BCE-C759DC99D4B8}"
EndProject
Project("{FAE04EC0-301F-11D3-BF4B-00C04F79EFBC}") = "VttTools.Game.UnitTests", "Source\Game.UnitTests\VttTools.Game.UnitTests.csproj", "{19F0CB33-8972-7257-F5CE-90F562C203A6}"
EndProject
Project("{FAE04EC0-301F-11D3-BF4B-00C04F79EFBC}") = "VttTools.Library", "Source\Library\VttTools.Library.csproj", "{EB6E7FEA-5352-A4A2-ABF8-BA63D3A8B0B3}"
EndProject
Project("{FAE04EC0-301F-11D3-BF4B-00C04F79EFBC}") = "VttTools.Library.UnitTests", "Source\Library.UnitTests\VttTools.Library.UnitTests.csproj", "{6E0E4A06-60AC-A9BE-8308-E084DDE7C22C}"
EndProject
Project("{FAE04EC0-301F-11D3-BF4B-00C04F79EFBC}") = "VttTools.Media", "Source\Media\VttTools.Media.csproj", "{AEA9944C-9EF4-AD12-2123-8F04D57D2CA9}"
EndProject
Project("{FAE04EC0-301F-11D3-BF4B-00C04F79EFBC}") = "VttTools.Media.UnitTests", "Source\Media.UnitTests\VttTools.Media.UnitTests.csproj", "{3C389950-163E-B7FD-F5E1-5CF770BEEFA5}"
EndProject
Project("{FAE04EC0-301F-11D3-BF4B-00C04F79EFBC}") = "VttTools.Auth.UnitTests", "Source\VttTools.Auth.UnitTests\VttTools.Auth.UnitTests.csproj", "{6ED29F41-2889-3198-0CBB-6A12E7694159}"
EndProject
Global
	GlobalSection(SolutionConfigurationPlatforms) = preSolution
		Debug|Any CPU = Debug|Any CPU
		Release|Any CPU = Release|Any CPU
	EndGlobalSection
	GlobalSection(ProjectConfigurationPlatforms) = postSolution
		{61C84AD8-A4CD-7FF7-F04B-AB1AE31BCA4E}.Debug|Any CPU.ActiveCfg = Debug|Any CPU
		{61C84AD8-A4CD-7FF7-F04B-AB1AE31BCA4E}.Debug|Any CPU.Build.0 = Debug|Any CPU
		{61C84AD8-A4CD-7FF7-F04B-AB1AE31BCA4E}.Release|Any CPU.ActiveCfg = Release|Any CPU
		{61C84AD8-A4CD-7FF7-F04B-AB1AE31BCA4E}.Release|Any CPU.Build.0 = Release|Any CPU
		{957C45EE-E14D-1274-8628-98470951ABC4}.Debug|Any CPU.ActiveCfg = Debug|Any CPU
		{957C45EE-E14D-1274-8628-98470951ABC4}.Debug|Any CPU.Build.0 = Debug|Any CPU
		{957C45EE-E14D-1274-8628-98470951ABC4}.Release|Any CPU.ActiveCfg = Release|Any CPU
		{957C45EE-E14D-1274-8628-98470951ABC4}.Release|Any CPU.Build.0 = Release|Any CPU
		{4F123867-B9A6-DCC0-3C22-15680A4BC095}.Debug|Any CPU.ActiveCfg = Debug|Any CPU
		{4F123867-B9A6-DCC0-3C22-15680A4BC095}.Debug|Any CPU.Build.0 = Debug|Any CPU
		{4F123867-B9A6-DCC0-3C22-15680A4BC095}.Release|Any CPU.ActiveCfg = Release|Any CPU
		{4F123867-B9A6-DCC0-3C22-15680A4BC095}.Release|Any CPU.Build.0 = Release|Any CPU
		{1DE0D00D-A74D-D4D8-ACA5-14412E6B47CC}.Debug|Any CPU.ActiveCfg = Debug|Any CPU
		{1DE0D00D-A74D-D4D8-ACA5-14412E6B47CC}.Debug|Any CPU.Build.0 = Debug|Any CPU
		{1DE0D00D-A74D-D4D8-ACA5-14412E6B47CC}.Release|Any CPU.ActiveCfg = Release|Any CPU
		{1DE0D00D-A74D-D4D8-ACA5-14412E6B47CC}.Release|Any CPU.Build.0 = Release|Any CPU
		{1C4C41A2-E7E5-B363-062E-020F5C896749}.Debug|Any CPU.ActiveCfg = Debug|Any CPU
		{1C4C41A2-E7E5-B363-062E-020F5C896749}.Debug|Any CPU.Build.0 = Debug|Any CPU
		{1C4C41A2-E7E5-B363-062E-020F5C896749}.Release|Any CPU.ActiveCfg = Release|Any CPU
		{1C4C41A2-E7E5-B363-062E-020F5C896749}.Release|Any CPU.Build.0 = Release|Any CPU
		{4EB5900A-C558-EE9A-B478-3D2FFF8A8284}.Debug|Any CPU.ActiveCfg = Debug|Any CPU
		{4EB5900A-C558-EE9A-B478-3D2FFF8A8284}.Debug|Any CPU.Build.0 = Debug|Any CPU
		{4EB5900A-C558-EE9A-B478-3D2FFF8A8284}.Release|Any CPU.ActiveCfg = Release|Any CPU
		{4EB5900A-C558-EE9A-B478-3D2FFF8A8284}.Release|Any CPU.Build.0 = Release|Any CPU
		{4091A837-3968-DAF0-893E-15E4DDD3D092}.Debug|Any CPU.ActiveCfg = Debug|Any CPU
		{4091A837-3968-DAF0-893E-15E4DDD3D092}.Debug|Any CPU.Build.0 = Debug|Any CPU
		{4091A837-3968-DAF0-893E-15E4DDD3D092}.Release|Any CPU.ActiveCfg = Release|Any CPU
		{4091A837-3968-DAF0-893E-15E4DDD3D092}.Release|Any CPU.Build.0 = Release|Any CPU
		{F8B435B5-BA80-9953-A198-4343D8FCA513}.Debug|Any CPU.ActiveCfg = Debug|Any CPU
		{F8B435B5-BA80-9953-A198-4343D8FCA513}.Debug|Any CPU.Build.0 = Debug|Any CPU
		{F8B435B5-BA80-9953-A198-4343D8FCA513}.Release|Any CPU.ActiveCfg = Release|Any CPU
		{F8B435B5-BA80-9953-A198-4343D8FCA513}.Release|Any CPU.Build.0 = Release|Any CPU
		{75CE2E33-E9D4-4AEA-1584-299FCBFD5014}.Debug|Any CPU.ActiveCfg = Debug|Any CPU
		{75CE2E33-E9D4-4AEA-1584-299FCBFD5014}.Debug|Any CPU.Build.0 = Debug|Any CPU
		{75CE2E33-E9D4-4AEA-1584-299FCBFD5014}.Release|Any CPU.ActiveCfg = Release|Any CPU
		{75CE2E33-E9D4-4AEA-1584-299FCBFD5014}.Release|Any CPU.Build.0 = Release|Any CPU
		{3C34ADE7-11B2-E30C-2567-D809074B3E27}.Debug|Any CPU.ActiveCfg = Debug|Any CPU
		{3C34ADE7-11B2-E30C-2567-D809074B3E27}.Debug|Any CPU.Build.0 = Debug|Any CPU
		{3C34ADE7-11B2-E30C-2567-D809074B3E27}.Release|Any CPU.ActiveCfg = Release|Any CPU
		{3C34ADE7-11B2-E30C-2567-D809074B3E27}.Release|Any CPU.Build.0 = Release|Any CPU
		{747DA043-B908-602B-01A2-91A9125EDAD8}.Debug|Any CPU.ActiveCfg = Debug|Any CPU
		{747DA043-B908-602B-01A2-91A9125EDAD8}.Debug|Any CPU.Build.0 = Debug|Any CPU
		{747DA043-B908-602B-01A2-91A9125EDAD8}.Release|Any CPU.ActiveCfg = Release|Any CPU
		{747DA043-B908-602B-01A2-91A9125EDAD8}.Release|Any CPU.Build.0 = Release|Any CPU
		{4DF26B78-D75F-989D-2C9C-42AF8BCD7C9F}.Debug|Any CPU.ActiveCfg = Debug|Any CPU
		{4DF26B78-D75F-989D-2C9C-42AF8BCD7C9F}.Debug|Any CPU.Build.0 = Debug|Any CPU
		{4DF26B78-D75F-989D-2C9C-42AF8BCD7C9F}.Release|Any CPU.ActiveCfg = Release|Any CPU
		{4DF26B78-D75F-989D-2C9C-42AF8BCD7C9F}.Release|Any CPU.Build.0 = Release|Any CPU
		{9E517C06-4DDE-E4D6-8431-E7B1D89B1FEF}.Debug|Any CPU.ActiveCfg = Debug|Any CPU
		{9E517C06-4DDE-E4D6-8431-E7B1D89B1FEF}.Debug|Any CPU.Build.0 = Debug|Any CPU
		{9E517C06-4DDE-E4D6-8431-E7B1D89B1FEF}.Release|Any CPU.ActiveCfg = Release|Any CPU
		{9E517C06-4DDE-E4D6-8431-E7B1D89B1FEF}.Release|Any CPU.Build.0 = Release|Any CPU
		{8CAEECB7-78CF-C39B-0BCE-C759DC99D4B8}.Debug|Any CPU.ActiveCfg = Debug|Any CPU
		{8CAEECB7-78CF-C39B-0BCE-C759DC99D4B8}.Debug|Any CPU.Build.0 = Debug|Any CPU
		{8CAEECB7-78CF-C39B-0BCE-C759DC99D4B8}.Release|Any CPU.ActiveCfg = Release|Any CPU
		{8CAEECB7-78CF-C39B-0BCE-C759DC99D4B8}.Release|Any CPU.Build.0 = Release|Any CPU
		{19F0CB33-8972-7257-F5CE-90F562C203A6}.Debug|Any CPU.ActiveCfg = Debug|Any CPU
		{19F0CB33-8972-7257-F5CE-90F562C203A6}.Debug|Any CPU.Build.0 = Debug|Any CPU
		{19F0CB33-8972-7257-F5CE-90F562C203A6}.Release|Any CPU.ActiveCfg = Release|Any CPU
		{19F0CB33-8972-7257-F5CE-90F562C203A6}.Release|Any CPU.Build.0 = Release|Any CPU
		{EB6E7FEA-5352-A4A2-ABF8-BA63D3A8B0B3}.Debug|Any CPU.ActiveCfg = Debug|Any CPU
		{EB6E7FEA-5352-A4A2-ABF8-BA63D3A8B0B3}.Debug|Any CPU.Build.0 = Debug|Any CPU
		{EB6E7FEA-5352-A4A2-ABF8-BA63D3A8B0B3}.Release|Any CPU.ActiveCfg = Release|Any CPU
		{EB6E7FEA-5352-A4A2-ABF8-BA63D3A8B0B3}.Release|Any CPU.Build.0 = Release|Any CPU
		{6E0E4A06-60AC-A9BE-8308-E084DDE7C22C}.Debug|Any CPU.ActiveCfg = Debug|Any CPU
		{6E0E4A06-60AC-A9BE-8308-E084DDE7C22C}.Debug|Any CPU.Build.0 = Debug|Any CPU
		{6E0E4A06-60AC-A9BE-8308-E084DDE7C22C}.Release|Any CPU.ActiveCfg = Release|Any CPU
		{6E0E4A06-60AC-A9BE-8308-E084DDE7C22C}.Release|Any CPU.Build.0 = Release|Any CPU
		{AEA9944C-9EF4-AD12-2123-8F04D57D2CA9}.Debug|Any CPU.ActiveCfg = Debug|Any CPU
		{AEA9944C-9EF4-AD12-2123-8F04D57D2CA9}.Debug|Any CPU.Build.0 = Debug|Any CPU
		{AEA9944C-9EF4-AD12-2123-8F04D57D2CA9}.Release|Any CPU.ActiveCfg = Release|Any CPU
		{AEA9944C-9EF4-AD12-2123-8F04D57D2CA9}.Release|Any CPU.Build.0 = Release|Any CPU
		{3C389950-163E-B7FD-F5E1-5CF770BEEFA5}.Debug|Any CPU.ActiveCfg = Debug|Any CPU
		{3C389950-163E-B7FD-F5E1-5CF770BEEFA5}.Debug|Any CPU.Build.0 = Debug|Any CPU
		{3C389950-163E-B7FD-F5E1-5CF770BEEFA5}.Release|Any CPU.ActiveCfg = Release|Any CPU
		{3C389950-163E-B7FD-F5E1-5CF770BEEFA5}.Release|Any CPU.Build.0 = Release|Any CPU
		{6ED29F41-2889-3198-0CBB-6A12E7694159}.Debug|Any CPU.ActiveCfg = Debug|Any CPU
		{6ED29F41-2889-3198-0CBB-6A12E7694159}.Debug|Any CPU.Build.0 = Debug|Any CPU
		{6ED29F41-2889-3198-0CBB-6A12E7694159}.Release|Any CPU.ActiveCfg = Release|Any CPU
		{6ED29F41-2889-3198-0CBB-6A12E7694159}.Release|Any CPU.Build.0 = Release|Any CPU
	EndGlobalSection
	GlobalSection(SolutionProperties) = preSolution
		HideSolutionNode = FALSE
	EndGlobalSection
	GlobalSection(NestedProjects) = preSolution
		{61C84AD8-A4CD-7FF7-F04B-AB1AE31BCA4E} = {B8EFCA5F-814F-285C-A8CB-F00F14650265}
		{957C45EE-E14D-1274-8628-98470951ABC4} = {B8EFCA5F-814F-285C-A8CB-F00F14650265}
		{4F123867-B9A6-DCC0-3C22-15680A4BC095} = {B8EFCA5F-814F-285C-A8CB-F00F14650265}
		{1DE0D00D-A74D-D4D8-ACA5-14412E6B47CC} = {B8EFCA5F-814F-285C-A8CB-F00F14650265}
		{1C4C41A2-E7E5-B363-062E-020F5C896749} = {B8EFCA5F-814F-285C-A8CB-F00F14650265}
		{4EB5900A-C558-EE9A-B478-3D2FFF8A8284} = {B8EFCA5F-814F-285C-A8CB-F00F14650265}
		{4091A837-3968-DAF0-893E-15E4DDD3D092} = {B8EFCA5F-814F-285C-A8CB-F00F14650265}
		{F8B435B5-BA80-9953-A198-4343D8FCA513} = {B8EFCA5F-814F-285C-A8CB-F00F14650265}
		{75CE2E33-E9D4-4AEA-1584-299FCBFD5014} = {B8EFCA5F-814F-285C-A8CB-F00F14650265}
		{3C34ADE7-11B2-E30C-2567-D809074B3E27} = {B8EFCA5F-814F-285C-A8CB-F00F14650265}
		{747DA043-B908-602B-01A2-91A9125EDAD8} = {B8EFCA5F-814F-285C-A8CB-F00F14650265}
		{4DF26B78-D75F-989D-2C9C-42AF8BCD7C9F} = {B8EFCA5F-814F-285C-A8CB-F00F14650265}
		{9E517C06-4DDE-E4D6-8431-E7B1D89B1FEF} = {B8EFCA5F-814F-285C-A8CB-F00F14650265}
		{8CAEECB7-78CF-C39B-0BCE-C759DC99D4B8} = {B8EFCA5F-814F-285C-A8CB-F00F14650265}
		{19F0CB33-8972-7257-F5CE-90F562C203A6} = {B8EFCA5F-814F-285C-A8CB-F00F14650265}
		{EB6E7FEA-5352-A4A2-ABF8-BA63D3A8B0B3} = {B8EFCA5F-814F-285C-A8CB-F00F14650265}
		{6E0E4A06-60AC-A9BE-8308-E084DDE7C22C} = {B8EFCA5F-814F-285C-A8CB-F00F14650265}
		{AEA9944C-9EF4-AD12-2123-8F04D57D2CA9} = {B8EFCA5F-814F-285C-A8CB-F00F14650265}
		{3C389950-163E-B7FD-F5E1-5CF770BEEFA5} = {B8EFCA5F-814F-285C-A8CB-F00F14650265}
		{6ED29F41-2889-3198-0CBB-6A12E7694159} = {B8EFCA5F-814F-285C-A8CB-F00F14650265}
	EndGlobalSection
	GlobalSection(ExtensibilityGlobals) = postSolution
		SolutionGuid = {25BE4C74-AED0-40B7-B554-9E5979BD01EC}
	EndGlobalSection
EndGlobal
