Microsoft Visual Studio Solution File, Format Version 12.00
# Visual Studio Version 17
VisualStudioVersion = 17.5.2.0
MinimumVisualStudioVersion = 10.0.40219.1
Project("{2150E333-8FDC-42A3-9474-1A3956D46DE8}") = "Source", "Source", "{B8EFCA5F-814F-285C-A8CB-F00F14650265}"
EndProject
Project("{FAE04EC0-301F-11D3-BF4B-00C04F79EFBC}") = "VttTools.AppHost", "Source\AppHost\VttTools.AppHost.csproj", "{61C84AD8-A4CD-7FF7-F04B-AB1AE31BCA4E}"
EndProject
Project("{FAE04EC0-301F-11D3-BF4B-00C04F79EFBC}") = "VttTools.Common", "Source\Common\VttTools.Common.csproj", "{1C4C41A2-E7E5-B363-062E-020F5C896749}"
EndProject
Project("{FAE04EC0-301F-11D3-BF4B-00C04F79EFBC}") = "VttTools.Common.UnitTests", "Source\Common.UnitTests\VttTools.Common.UnitTests.csproj", "{4EB5900A-C558-EE9A-B478-3D2FFF8A8284}"
EndProject
Project("{FAE04EC0-301F-11D3-BF4B-00C04F79EFBC}") = "VttTools.Data", "Source\Data\VttTools.Data.csproj", "{75CE2E33-E9D4-4AEA-1584-299FCBFD5014}"
EndProject
Project("{FAE04EC0-301F-11D3-BF4B-00C04F79EFBC}") = "VttTools.Data.UnitTests", "Source\Data.UnitTests\VttTools.Data.UnitTests.csproj", "{747DA043-B908-602B-01A2-91A9125EDAD8}"
EndProject
Project("{FAE04EC0-301F-11D3-BF4B-00C04F79EFBC}") = "VttTools.Domain", "Source\Domain\VttTools.Domain.csproj", "{4DF26B78-D75F-989D-2C9C-42AF8BCD7C9F}"
EndProject
Project("{FAE04EC0-301F-11D3-BF4B-00C04F79EFBC}") = "VttTools.Domain.UnitTests", "Source\Domain.UnitTests\VttTools.Domain.UnitTests.csproj", "{9E517C06-4DDE-E4D6-8431-E7B1D89B1FEF}"
EndProject
Project("{FAE04EC0-301F-11D3-BF4B-00C04F79EFBC}") = "VttTools.GameService", "Source\GameService\VttTools.GameService.csproj", "{AF9C4CB8-72DD-3CA9-CDFC-1A53ABE9756E}"
EndProject
Project("{FAE04EC0-301F-11D3-BF4B-00C04F79EFBC}") = "VttTools.GameService.UnitTests", "Source\GameService.UnitTests\VttTools.GameService.UnitTests.csproj", "{B37DC1D0-8A1F-5F81-2797-FA1D83F09E19}"
EndProject
Project("{FAE04EC0-301F-11D3-BF4B-00C04F79EFBC}") = "VttTools.WebApp", "Source\WebApp\VttTools.WebApp.csproj", "{AC7D8135-71BC-DA8C-64EC-E195AA2B617F}"
EndProject
Global
	GlobalSection(SolutionConfigurationPlatforms) = preSolution
		Debug|Any CPU = Debug|Any CPU
		Release|Any CPU = Release|Any CPU
	EndGlobalSection
	GlobalSection(ProjectConfigurationPlatforms) = postSolution
		{61C84AD8-A4CD-7FF7-F04B-AB1AE31BCA4E}.Debug|Any CPU.ActiveCfg = Debug|Any CPU
		{61C84AD8-A4CD-7FF7-F04B-AB1AE31BCA4E}.Debug|Any CPU.Build.0 = Debug|Any CPU
		{61C84AD8-A4CD-7FF7-F04B-AB1AE31BCA4E}.Release|Any CPU.ActiveCfg = Release|Any CPU
		{61C84AD8-A4CD-7FF7-F04B-AB1AE31BCA4E}.Release|Any CPU.Build.0 = Release|Any CPU
		{1C4C41A2-E7E5-B363-062E-020F5C896749}.Debug|Any CPU.ActiveCfg = Debug|Any CPU
		{1C4C41A2-E7E5-B363-062E-020F5C896749}.Debug|Any CPU.Build.0 = Debug|Any CPU
		{1C4C41A2-E7E5-B363-062E-020F5C896749}.Release|Any CPU.ActiveCfg = Release|Any CPU
		{1C4C41A2-E7E5-B363-062E-020F5C896749}.Release|Any CPU.Build.0 = Release|Any CPU
		{4EB5900A-C558-EE9A-B478-3D2FFF8A8284}.Debug|Any CPU.ActiveCfg = Debug|Any CPU
		{4EB5900A-C558-EE9A-B478-3D2FFF8A8284}.Debug|Any CPU.Build.0 = Debug|Any CPU
		{4EB5900A-C558-EE9A-B478-3D2FFF8A8284}.Release|Any CPU.ActiveCfg = Release|Any CPU
		{4EB5900A-C558-EE9A-B478-3D2FFF8A8284}.Release|Any CPU.Build.0 = Release|Any CPU
		{75CE2E33-E9D4-4AEA-1584-299FCBFD5014}.Debug|Any CPU.ActiveCfg = Debug|Any CPU
		{75CE2E33-E9D4-4AEA-1584-299FCBFD5014}.Debug|Any CPU.Build.0 = Debug|Any CPU
		{75CE2E33-E9D4-4AEA-1584-299FCBFD5014}.Release|Any CPU.ActiveCfg = Release|Any CPU
		{75CE2E33-E9D4-4AEA-1584-299FCBFD5014}.Release|Any CPU.Build.0 = Release|Any CPU
		{747DA043-B908-602B-01A2-91A9125EDAD8}.Debug|Any CPU.ActiveCfg = Debug|Any CPU
		{747DA043-B908-602B-01A2-91A9125EDAD8}.Debug|Any CPU.Build.0 = Debug|Any CPU
		{747DA043-B908-602B-01A2-91A9125EDAD8}.Release|Any CPU.ActiveCfg = Release|Any CPU
		{747DA043-B908-602B-01A2-91A9125EDAD8}.Release|Any CPU.Build.0 = Release|Any CPU
		{4DF26B78-D75F-989D-2C9C-42AF8BCD7C9F}.Debug|Any CPU.ActiveCfg = Debug|Any CPU
		{4DF26B78-D75F-989D-2C9C-42AF8BCD7C9F}.Debug|Any CPU.Build.0 = Debug|Any CPU
		{4DF26B78-D75F-989D-2C9C-42AF8BCD7C9F}.Release|Any CPU.ActiveCfg = Release|Any CPU
		{4DF26B78-D75F-989D-2C9C-42AF8BCD7C9F}.Release|Any CPU.Build.0 = Release|Any CPU
		{9E517C06-4DDE-E4D6-8431-E7B1D89B1FEF}.Debug|Any CPU.ActiveCfg = Debug|Any CPU
		{9E517C06-4DDE-E4D6-8431-E7B1D89B1FEF}.Debug|Any CPU.Build.0 = Debug|Any CPU
		{9E517C06-4DDE-E4D6-8431-E7B1D89B1FEF}.Release|Any CPU.ActiveCfg = Release|Any CPU
		{9E517C06-4DDE-E4D6-8431-E7B1D89B1FEF}.Release|Any CPU.Build.0 = Release|Any CPU
		{AF9C4CB8-72DD-3CA9-CDFC-1A53ABE9756E}.Debug|Any CPU.ActiveCfg = Debug|Any CPU
		{AF9C4CB8-72DD-3CA9-CDFC-1A53ABE9756E}.Debug|Any CPU.Build.0 = Debug|Any CPU
		{AF9C4CB8-72DD-3CA9-CDFC-1A53ABE9756E}.Release|Any CPU.ActiveCfg = Release|Any CPU
		{AF9C4CB8-72DD-3CA9-CDFC-1A53ABE9756E}.Release|Any CPU.Build.0 = Release|Any CPU
		{B37DC1D0-8A1F-5F81-2797-FA1D83F09E19}.Debug|Any CPU.ActiveCfg = Debug|Any CPU
		{B37DC1D0-8A1F-5F81-2797-FA1D83F09E19}.Debug|Any CPU.Build.0 = Debug|Any CPU
		{B37DC1D0-8A1F-5F81-2797-FA1D83F09E19}.Release|Any CPU.ActiveCfg = Release|Any CPU
		{B37DC1D0-8A1F-5F81-2797-FA1D83F09E19}.Release|Any CPU.Build.0 = Release|Any CPU
		{AC7D8135-71BC-DA8C-64EC-E195AA2B617F}.Debug|Any CPU.ActiveCfg = Debug|Any CPU
		{AC7D8135-71BC-DA8C-64EC-E195AA2B617F}.Debug|Any CPU.Build.0 = Debug|Any CPU
		{AC7D8135-71BC-DA8C-64EC-E195AA2B617F}.Release|Any CPU.ActiveCfg = Release|Any CPU
		{AC7D8135-71BC-DA8C-64EC-E195AA2B617F}.Release|Any CPU.Build.0 = Release|Any CPU
	EndGlobalSection
	GlobalSection(SolutionProperties) = preSolution
		HideSolutionNode = FALSE
	EndGlobalSection
	GlobalSection(NestedProjects) = preSolution
		{61C84AD8-A4CD-7FF7-F04B-AB1AE31BCA4E} = {B8EFCA5F-814F-285C-A8CB-F00F14650265}
		{1C4C41A2-E7E5-B363-062E-020F5C896749} = {B8EFCA5F-814F-285C-A8CB-F00F14650265}
		{4EB5900A-C558-EE9A-B478-3D2FFF8A8284} = {B8EFCA5F-814F-285C-A8CB-F00F14650265}
		{75CE2E33-E9D4-4AEA-1584-299FCBFD5014} = {B8EFCA5F-814F-285C-A8CB-F00F14650265}
		{747DA043-B908-602B-01A2-91A9125EDAD8} = {B8EFCA5F-814F-285C-A8CB-F00F14650265}
		{4DF26B78-D75F-989D-2C9C-42AF8BCD7C9F} = {B8EFCA5F-814F-285C-A8CB-F00F14650265}
		{9E517C06-4DDE-E4D6-8431-E7B1D89B1FEF} = {B8EFCA5F-814F-285C-A8CB-F00F14650265}
		{AF9C4CB8-72DD-3CA9-CDFC-1A53ABE9756E} = {B8EFCA5F-814F-285C-A8CB-F00F14650265}
		{B37DC1D0-8A1F-5F81-2797-FA1D83F09E19} = {B8EFCA5F-814F-285C-A8CB-F00F14650265}
		{AC7D8135-71BC-DA8C-64EC-E195AA2B617F} = {B8EFCA5F-814F-285C-A8CB-F00F14650265}
	EndGlobalSection
	GlobalSection(ExtensibilityGlobals) = postSolution
		SolutionGuid = {E3B13E7A-1F22-47CB-BD26-64F900E8DC6A}
	EndGlobalSection
EndGlobal
