
Microsoft Visual Studio Solution File, Format Version 12.00
# Visual Studio Version 18
VisualStudioVersion = 18.3.11222.16
MinimumVisualStudioVersion = 10.0.40219.1
Project("{2150E333-8FDC-42A3-9474-1A3956D46DE8}") = "Source", "Source", "{B8EFCA5F-814F-285C-A8CB-F00F14650265}"
EndProject
Project("{2150E333-8FDC-42A3-9474-1A3956D46DE8}") = "0 Common", "0 Common", "{8E7CB4BF-0105-B641-113C-82400E6973D1}"
EndProject
Project("{FAE04EC0-301F-11D3-BF4B-00C04F79EFBC}") = "VttTools.Common", "Common\VttTools.Common.csproj", "{5E25EC39-8DE4-0809-F9D5-5B2ADD6C776C}"
EndProject
Project("{FAE04EC0-301F-11D3-BF4B-00C04F79EFBC}") = "VttTools.Core", "Core\VttTools.Core.csproj", "{6B07D736-40EA-F237-289A-9198B3CCBE56}"
EndProject
Project("{FAE04EC0-301F-11D3-BF4B-00C04F79EFBC}") = "VttTools.Domain", "Domain\VttTools.Domain.csproj", "{C650DD59-0D23-5CAE-7B5A-021DF4E33FF1}"
EndProject
Project("{2150E333-8FDC-42A3-9474-1A3956D46DE8}") = "1 Storage", "1 Storage", "{77BEC063-0E58-7C28-2F23-5476A2C81D52}"
EndProject
Project("{FAE04EC0-301F-11D3-BF4B-00C04F79EFBC}") = "VttTools.Data.MigrationService", "Data.MigrationService\VttTools.Data.MigrationService.csproj", "{99C0AF78-599D-5930-5DF2-4427C1469B96}"
EndProject
Project("{FAE04EC0-301F-11D3-BF4B-00C04F79EFBC}") = "VttTools.Data", "Data\VttTools.Data.csproj", "{914E8081-D049-2C67-3414-E80D3C9E0F7B}"
EndProject
Project("{2150E333-8FDC-42A3-9474-1A3956D46DE8}") = "2 Services", "2 Services", "{2589B3AD-8844-6736-B3F5-0B7C3D0C1AC8}"
EndProject
Project("{FAE04EC0-301F-11D3-BF4B-00C04F79EFBC}") = "VttTools.Admin", "Admin\VttTools.Admin.csproj", "{1F1F523C-D467-8CFF-F2D0-E6D1447E83DC}"
EndProject
Project("{FAE04EC0-301F-11D3-BF4B-00C04F79EFBC}") = "VttTools.Assets", "Assets\VttTools.Assets.csproj", "{F8C6E38D-1BCE-295A-861A-B395448B2498}"
EndProject
Project("{FAE04EC0-301F-11D3-BF4B-00C04F79EFBC}") = "VttTools.Auth", "Auth\VttTools.Auth.csproj", "{E3258434-1481-1C8C-EF27-C7C844A5811E}"
EndProject
Project("{FAE04EC0-301F-11D3-BF4B-00C04F79EFBC}") = "VttTools.Game", "Game\VttTools.Game.csproj", "{D2AB858E-510D-ACB2-A738-56F97C4FBB6B}"
EndProject
Project("{FAE04EC0-301F-11D3-BF4B-00C04F79EFBC}") = "VttTools.Library", "Library\VttTools.Library.csproj", "{162ED367-D18F-8BA0-DF9E-6937ED436E55}"
EndProject
Project("{FAE04EC0-301F-11D3-BF4B-00C04F79EFBC}") = "VttTools.Media", "Media\VttTools.Media.csproj", "{6DB951F1-BAF6-339F-6DF4-8AC007AF84C3}"
EndProject
Project("{2150E333-8FDC-42A3-9474-1A3956D46DE8}") = "3 WebApp", "3 WebApp", "{D98B7A4A-E5A5-9DCB-7E91-50C00CC62AFC}"
EndProject
Project("{54A90642-561A-4BB1-A94E-469ADEE60C69}") = "VttTools.WebAdminApp", "WebAdminApp\VttTools.WebAdminApp.esproj", "{E73DECD4-7DE6-ABD7-1DCD-033F1ACB30D4}"
EndProject
Project("{54A90642-561A-4BB1-A94E-469ADEE60C69}") = "VttTools.WebClientApp", "WebClientApp\VttTools.WebClientApp.esproj", "{6EA193B9-FF43-EF07-045E-65C6368A30AF}"
EndProject
Project("{2150E333-8FDC-42A3-9474-1A3956D46DE8}") = "4 Hosting", "4 Hosting", "{65C8FEB4-BEBB-92A4-3D65-36C0443A7B57}"
EndProject
Project("{FAE04EC0-301F-11D3-BF4B-00C04F79EFBC}") = "VttTools.AppHost", "AppHost\VttTools.AppHost.csproj", "{C307DF9D-77E4-C11D-C557-5851AF8105F8}"
EndProject
Project("{2150E333-8FDC-42A3-9474-1A3956D46DE8}") = "5 Resources", "5 Resources", "{F42EC42C-33EC-7F91-4CC7-825E1C9B2344}"
EndProject
Project("{FAE04EC0-301F-11D3-BF4B-00C04F79EFBC}") = "VttTools.MediaGenerator", "MediaGenerator\VttTools.MediaGenerator.csproj", "{8FF0CCB1-C826-4F40-8110-A392189B2F79}"
EndProject
Project("{2150E333-8FDC-42A3-9474-1A3956D46DE8}") = "Tests", "Tests", "{0AB3BF05-4346-4AA6-1389-037BE0695223}"
EndProject
Project("{2150E333-8FDC-42A3-9474-1A3956D46DE8}") = "0 Common", "0 Common", "{EA8A24C3-56E2-F9D5-7FF9-AEE82BFD265C}"
EndProject
Project("{FAE04EC0-301F-11D3-BF4B-00C04F79EFBC}") = "VttTools.Common.UnitTests", "Common.UnitTests\VttTools.Common.UnitTests.csproj", "{ACF47F3C-17C3-4818-ADD4-E1DCF3596B40}"
EndProject
Project("{FAE04EC0-301F-11D3-BF4B-00C04F79EFBC}") = "VttTools.Core.UnitTests", "Core.UnitTests\VttTools.Core.UnitTests.csproj", "{77647A9D-51B6-ACD1-2CCD-1F9224B412FC}"
EndProject
Project("{FAE04EC0-301F-11D3-BF4B-00C04F79EFBC}") = "VttTools.Domain.UnitTests", "Domain.UnitTests\VttTools.Domain.UnitTests.csproj", "{6F78FC9C-80A1-1084-2B7B-89FCA3A44543}"
EndProject
Project("{2150E333-8FDC-42A3-9474-1A3956D46DE8}") = "1 Storage", "1 Storage", "{8186C306-5946-A043-9D75-E5F697E9501E}"
EndProject
Project("{FAE04EC0-301F-11D3-BF4B-00C04F79EFBC}") = "VttTools.Data.UnitTests", "Data.UnitTests\VttTools.Data.UnitTests.csproj", "{81D059C5-CF99-B269-5E17-3D36957A660B}"
EndProject
Project("{2150E333-8FDC-42A3-9474-1A3956D46DE8}") = "2 Services", "2 Services", "{44F4ADE7-B310-EFC7-FAD5-FF6CF55D9412}"
EndProject
Project("{FAE04EC0-301F-11D3-BF4B-00C04F79EFBC}") = "VttTools.Admin.UnitTests", "Admin.UnitTests\VttTools.Admin.UnitTests.csproj", "{C3CD4B0D-376D-452A-5488-6CDDF67B746B}"
EndProject
Project("{FAE04EC0-301F-11D3-BF4B-00C04F79EFBC}") = "VttTools.Assets.UnitTests", "Assets.UnitTests\VttTools.Assets.UnitTests.csproj", "{04A15CCB-354C-5E41-0D17-BAF2586AF2E3}"
EndProject
Project("{FAE04EC0-301F-11D3-BF4B-00C04F79EFBC}") = "VttTools.Auth.UnitTests", "Auth.UnitTests\VttTools.Auth.UnitTests.csproj", "{ACC9747F-7C54-5486-E108-0D078F79CC5B}"
EndProject
Project("{FAE04EC0-301F-11D3-BF4B-00C04F79EFBC}") = "VttTools.Game.UnitTests", "Game.UnitTests\VttTools.Game.UnitTests.csproj", "{35746D76-35D7-6FE6-960F-26CF50E5645C}"
EndProject
Project("{FAE04EC0-301F-11D3-BF4B-00C04F79EFBC}") = "VttTools.Library.UnitTests", "Library.UnitTests\VttTools.Library.UnitTests.csproj", "{3D3B48C6-C7A2-37A0-49DC-FA659D4E1C76}"
EndProject
Project("{FAE04EC0-301F-11D3-BF4B-00C04F79EFBC}") = "VttTools.Media.UnitTests", "Media.UnitTests\VttTools.Media.UnitTests.csproj", "{1476DB4E-E74B-AFE1-00C9-06C7169011D3}"
EndProject
Project("{2150E333-8FDC-42A3-9474-1A3956D46DE8}") = "5 Resources", "5 Resources", "{22819A62-3269-B322-825B-2EB91FC9E0FD}"
EndProject
Project("{FAE04EC0-301F-11D3-BF4B-00C04F79EFBC}") = "VttTools.MediaGenerator.UnitTests", "MediaGenerator.UnitTests\VttTools.MediaGenerator.UnitTests.csproj", "{C7D3673B-DB16-5FA0-C93E-2D7AC9DA015B}"
EndProject
Global
	GlobalSection(SolutionConfigurationPlatforms) = preSolution
		Debug|Any CPU = Debug|Any CPU
		Debug|x64 = Debug|x64
		Debug|x86 = Debug|x86
		Release|Any CPU = Release|Any CPU
		Release|x64 = Release|x64
		Release|x86 = Release|x86
	EndGlobalSection
	GlobalSection(ProjectConfigurationPlatforms) = postSolution
		{5E25EC39-8DE4-0809-F9D5-5B2ADD6C776C}.Debug|Any CPU.ActiveCfg = Debug|Any CPU
		{5E25EC39-8DE4-0809-F9D5-5B2ADD6C776C}.Debug|Any CPU.Build.0 = Debug|Any CPU
		{5E25EC39-8DE4-0809-F9D5-5B2ADD6C776C}.Debug|x64.ActiveCfg = Debug|Any CPU
		{5E25EC39-8DE4-0809-F9D5-5B2ADD6C776C}.Debug|x64.Build.0 = Debug|Any CPU
		{5E25EC39-8DE4-0809-F9D5-5B2ADD6C776C}.Debug|x86.ActiveCfg = Debug|Any CPU
		{5E25EC39-8DE4-0809-F9D5-5B2ADD6C776C}.Debug|x86.Build.0 = Debug|Any CPU
		{5E25EC39-8DE4-0809-F9D5-5B2ADD6C776C}.Release|Any CPU.ActiveCfg = Release|Any CPU
		{5E25EC39-8DE4-0809-F9D5-5B2ADD6C776C}.Release|Any CPU.Build.0 = Release|Any CPU
		{5E25EC39-8DE4-0809-F9D5-5B2ADD6C776C}.Release|x64.ActiveCfg = Release|Any CPU
		{5E25EC39-8DE4-0809-F9D5-5B2ADD6C776C}.Release|x64.Build.0 = Release|Any CPU
		{5E25EC39-8DE4-0809-F9D5-5B2ADD6C776C}.Release|x86.ActiveCfg = Release|Any CPU
		{5E25EC39-8DE4-0809-F9D5-5B2ADD6C776C}.Release|x86.Build.0 = Release|Any CPU
		{6B07D736-40EA-F237-289A-9198B3CCBE56}.Debug|Any CPU.ActiveCfg = Release|Any CPU
		{6B07D736-40EA-F237-289A-9198B3CCBE56}.Debug|Any CPU.Build.0 = Release|Any CPU
		{6B07D736-40EA-F237-289A-9198B3CCBE56}.Debug|x64.ActiveCfg = Debug|Any CPU
		{6B07D736-40EA-F237-289A-9198B3CCBE56}.Debug|x64.Build.0 = Debug|Any CPU
		{6B07D736-40EA-F237-289A-9198B3CCBE56}.Debug|x86.ActiveCfg = Debug|Any CPU
		{6B07D736-40EA-F237-289A-9198B3CCBE56}.Debug|x86.Build.0 = Debug|Any CPU
		{6B07D736-40EA-F237-289A-9198B3CCBE56}.Release|Any CPU.ActiveCfg = Release|Any CPU
		{6B07D736-40EA-F237-289A-9198B3CCBE56}.Release|Any CPU.Build.0 = Release|Any CPU
		{6B07D736-40EA-F237-289A-9198B3CCBE56}.Release|x64.ActiveCfg = Release|Any CPU
		{6B07D736-40EA-F237-289A-9198B3CCBE56}.Release|x64.Build.0 = Release|Any CPU
		{6B07D736-40EA-F237-289A-9198B3CCBE56}.Release|x86.ActiveCfg = Release|Any CPU
		{6B07D736-40EA-F237-289A-9198B3CCBE56}.Release|x86.Build.0 = Release|Any CPU
		{C650DD59-0D23-5CAE-7B5A-021DF4E33FF1}.Debug|Any CPU.ActiveCfg = Debug|Any CPU
		{C650DD59-0D23-5CAE-7B5A-021DF4E33FF1}.Debug|Any CPU.Build.0 = Debug|Any CPU
		{C650DD59-0D23-5CAE-7B5A-021DF4E33FF1}.Debug|x64.ActiveCfg = Debug|Any CPU
		{C650DD59-0D23-5CAE-7B5A-021DF4E33FF1}.Debug|x64.Build.0 = Debug|Any CPU
		{C650DD59-0D23-5CAE-7B5A-021DF4E33FF1}.Debug|x86.ActiveCfg = Debug|Any CPU
		{C650DD59-0D23-5CAE-7B5A-021DF4E33FF1}.Debug|x86.Build.0 = Debug|Any CPU
		{C650DD59-0D23-5CAE-7B5A-021DF4E33FF1}.Release|Any CPU.ActiveCfg = Release|Any CPU
		{C650DD59-0D23-5CAE-7B5A-021DF4E33FF1}.Release|Any CPU.Build.0 = Release|Any CPU
		{C650DD59-0D23-5CAE-7B5A-021DF4E33FF1}.Release|x64.ActiveCfg = Release|Any CPU
		{C650DD59-0D23-5CAE-7B5A-021DF4E33FF1}.Release|x64.Build.0 = Release|Any CPU
		{C650DD59-0D23-5CAE-7B5A-021DF4E33FF1}.Release|x86.ActiveCfg = Release|Any CPU
		{C650DD59-0D23-5CAE-7B5A-021DF4E33FF1}.Release|x86.Build.0 = Release|Any CPU
		{99C0AF78-599D-5930-5DF2-4427C1469B96}.Debug|Any CPU.ActiveCfg = Debug|Any CPU
		{99C0AF78-599D-5930-5DF2-4427C1469B96}.Debug|Any CPU.Build.0 = Debug|Any CPU
		{99C0AF78-599D-5930-5DF2-4427C1469B96}.Debug|x64.ActiveCfg = Debug|Any CPU
		{99C0AF78-599D-5930-5DF2-4427C1469B96}.Debug|x64.Build.0 = Debug|Any CPU
		{99C0AF78-599D-5930-5DF2-4427C1469B96}.Debug|x86.ActiveCfg = Debug|Any CPU
		{99C0AF78-599D-5930-5DF2-4427C1469B96}.Debug|x86.Build.0 = Debug|Any CPU
		{99C0AF78-599D-5930-5DF2-4427C1469B96}.Release|Any CPU.ActiveCfg = Release|Any CPU
		{99C0AF78-599D-5930-5DF2-4427C1469B96}.Release|Any CPU.Build.0 = Release|Any CPU
		{99C0AF78-599D-5930-5DF2-4427C1469B96}.Release|x64.ActiveCfg = Release|Any CPU
		{99C0AF78-599D-5930-5DF2-4427C1469B96}.Release|x64.Build.0 = Release|Any CPU
		{99C0AF78-599D-5930-5DF2-4427C1469B96}.Release|x86.ActiveCfg = Release|Any CPU
		{99C0AF78-599D-5930-5DF2-4427C1469B96}.Release|x86.Build.0 = Release|Any CPU
		{914E8081-D049-2C67-3414-E80D3C9E0F7B}.Debug|Any CPU.ActiveCfg = Debug|Any CPU
		{914E8081-D049-2C67-3414-E80D3C9E0F7B}.Debug|Any CPU.Build.0 = Debug|Any CPU
		{914E8081-D049-2C67-3414-E80D3C9E0F7B}.Debug|x64.ActiveCfg = Debug|Any CPU
		{914E8081-D049-2C67-3414-E80D3C9E0F7B}.Debug|x64.Build.0 = Debug|Any CPU
		{914E8081-D049-2C67-3414-E80D3C9E0F7B}.Debug|x86.ActiveCfg = Debug|Any CPU
		{914E8081-D049-2C67-3414-E80D3C9E0F7B}.Debug|x86.Build.0 = Debug|Any CPU
		{914E8081-D049-2C67-3414-E80D3C9E0F7B}.Release|Any CPU.ActiveCfg = Release|Any CPU
		{914E8081-D049-2C67-3414-E80D3C9E0F7B}.Release|Any CPU.Build.0 = Release|Any CPU
		{914E8081-D049-2C67-3414-E80D3C9E0F7B}.Release|x64.ActiveCfg = Release|Any CPU
		{914E8081-D049-2C67-3414-E80D3C9E0F7B}.Release|x64.Build.0 = Release|Any CPU
		{914E8081-D049-2C67-3414-E80D3C9E0F7B}.Release|x86.ActiveCfg = Release|Any CPU
		{914E8081-D049-2C67-3414-E80D3C9E0F7B}.Release|x86.Build.0 = Release|Any CPU
		{1F1F523C-D467-8CFF-F2D0-E6D1447E83DC}.Debug|Any CPU.ActiveCfg = Debug|Any CPU
		{1F1F523C-D467-8CFF-F2D0-E6D1447E83DC}.Debug|Any CPU.Build.0 = Debug|Any CPU
		{1F1F523C-D467-8CFF-F2D0-E6D1447E83DC}.Debug|x64.ActiveCfg = Debug|Any CPU
		{1F1F523C-D467-8CFF-F2D0-E6D1447E83DC}.Debug|x64.Build.0 = Debug|Any CPU
		{1F1F523C-D467-8CFF-F2D0-E6D1447E83DC}.Debug|x86.ActiveCfg = Debug|Any CPU
		{1F1F523C-D467-8CFF-F2D0-E6D1447E83DC}.Debug|x86.Build.0 = Debug|Any CPU
		{1F1F523C-D467-8CFF-F2D0-E6D1447E83DC}.Release|Any CPU.ActiveCfg = Release|Any CPU
		{1F1F523C-D467-8CFF-F2D0-E6D1447E83DC}.Release|Any CPU.Build.0 = Release|Any CPU
		{1F1F523C-D467-8CFF-F2D0-E6D1447E83DC}.Release|x64.ActiveCfg = Release|Any CPU
		{1F1F523C-D467-8CFF-F2D0-E6D1447E83DC}.Release|x64.Build.0 = Release|Any CPU
		{1F1F523C-D467-8CFF-F2D0-E6D1447E83DC}.Release|x86.ActiveCfg = Release|Any CPU
		{1F1F523C-D467-8CFF-F2D0-E6D1447E83DC}.Release|x86.Build.0 = Release|Any CPU
		{F8C6E38D-1BCE-295A-861A-B395448B2498}.Debug|Any CPU.ActiveCfg = Release|Any CPU
		{F8C6E38D-1BCE-295A-861A-B395448B2498}.Debug|Any CPU.Build.0 = Release|Any CPU
		{F8C6E38D-1BCE-295A-861A-B395448B2498}.Debug|x64.ActiveCfg = Debug|Any CPU
		{F8C6E38D-1BCE-295A-861A-B395448B2498}.Debug|x64.Build.0 = Debug|Any CPU
		{F8C6E38D-1BCE-295A-861A-B395448B2498}.Debug|x86.ActiveCfg = Debug|Any CPU
		{F8C6E38D-1BCE-295A-861A-B395448B2498}.Debug|x86.Build.0 = Debug|Any CPU
		{F8C6E38D-1BCE-295A-861A-B395448B2498}.Release|Any CPU.ActiveCfg = Release|Any CPU
		{F8C6E38D-1BCE-295A-861A-B395448B2498}.Release|Any CPU.Build.0 = Release|Any CPU
		{F8C6E38D-1BCE-295A-861A-B395448B2498}.Release|x64.ActiveCfg = Release|Any CPU
		{F8C6E38D-1BCE-295A-861A-B395448B2498}.Release|x64.Build.0 = Release|Any CPU
		{F8C6E38D-1BCE-295A-861A-B395448B2498}.Release|x86.ActiveCfg = Release|Any CPU
		{F8C6E38D-1BCE-295A-861A-B395448B2498}.Release|x86.Build.0 = Release|Any CPU
		{E3258434-1481-1C8C-EF27-C7C844A5811E}.Debug|Any CPU.ActiveCfg = Debug|Any CPU
		{E3258434-1481-1C8C-EF27-C7C844A5811E}.Debug|Any CPU.Build.0 = Debug|Any CPU
		{E3258434-1481-1C8C-EF27-C7C844A5811E}.Debug|x64.ActiveCfg = Debug|Any CPU
		{E3258434-1481-1C8C-EF27-C7C844A5811E}.Debug|x64.Build.0 = Debug|Any CPU
		{E3258434-1481-1C8C-EF27-C7C844A5811E}.Debug|x86.ActiveCfg = Debug|Any CPU
		{E3258434-1481-1C8C-EF27-C7C844A5811E}.Debug|x86.Build.0 = Debug|Any CPU
		{E3258434-1481-1C8C-EF27-C7C844A5811E}.Release|Any CPU.ActiveCfg = Release|Any CPU
		{E3258434-1481-1C8C-EF27-C7C844A5811E}.Release|Any CPU.Build.0 = Release|Any CPU
		{E3258434-1481-1C8C-EF27-C7C844A5811E}.Release|x64.ActiveCfg = Release|Any CPU
		{E3258434-1481-1C8C-EF27-C7C844A5811E}.Release|x64.Build.0 = Release|Any CPU
		{E3258434-1481-1C8C-EF27-C7C844A5811E}.Release|x86.ActiveCfg = Release|Any CPU
		{E3258434-1481-1C8C-EF27-C7C844A5811E}.Release|x86.Build.0 = Release|Any CPU
		{D2AB858E-510D-ACB2-A738-56F97C4FBB6B}.Debug|Any CPU.ActiveCfg = Debug|Any CPU
		{D2AB858E-510D-ACB2-A738-56F97C4FBB6B}.Debug|Any CPU.Build.0 = Debug|Any CPU
		{D2AB858E-510D-ACB2-A738-56F97C4FBB6B}.Debug|x64.ActiveCfg = Debug|Any CPU
		{D2AB858E-510D-ACB2-A738-56F97C4FBB6B}.Debug|x64.Build.0 = Debug|Any CPU
		{D2AB858E-510D-ACB2-A738-56F97C4FBB6B}.Debug|x86.ActiveCfg = Debug|Any CPU
		{D2AB858E-510D-ACB2-A738-56F97C4FBB6B}.Debug|x86.Build.0 = Debug|Any CPU
		{D2AB858E-510D-ACB2-A738-56F97C4FBB6B}.Release|Any CPU.ActiveCfg = Release|Any CPU
		{D2AB858E-510D-ACB2-A738-56F97C4FBB6B}.Release|Any CPU.Build.0 = Release|Any CPU
		{D2AB858E-510D-ACB2-A738-56F97C4FBB6B}.Release|x64.ActiveCfg = Release|Any CPU
		{D2AB858E-510D-ACB2-A738-56F97C4FBB6B}.Release|x64.Build.0 = Release|Any CPU
		{D2AB858E-510D-ACB2-A738-56F97C4FBB6B}.Release|x86.ActiveCfg = Release|Any CPU
		{D2AB858E-510D-ACB2-A738-56F97C4FBB6B}.Release|x86.Build.0 = Release|Any CPU
		{162ED367-D18F-8BA0-DF9E-6937ED436E55}.Debug|Any CPU.ActiveCfg = Release|Any CPU
		{162ED367-D18F-8BA0-DF9E-6937ED436E55}.Debug|Any CPU.Build.0 = Release|Any CPU
		{162ED367-D18F-8BA0-DF9E-6937ED436E55}.Debug|x64.ActiveCfg = Debug|Any CPU
		{162ED367-D18F-8BA0-DF9E-6937ED436E55}.Debug|x64.Build.0 = Debug|Any CPU
		{162ED367-D18F-8BA0-DF9E-6937ED436E55}.Debug|x86.ActiveCfg = Debug|Any CPU
		{162ED367-D18F-8BA0-DF9E-6937ED436E55}.Debug|x86.Build.0 = Debug|Any CPU
		{162ED367-D18F-8BA0-DF9E-6937ED436E55}.Release|Any CPU.ActiveCfg = Release|Any CPU
		{162ED367-D18F-8BA0-DF9E-6937ED436E55}.Release|Any CPU.Build.0 = Release|Any CPU
		{162ED367-D18F-8BA0-DF9E-6937ED436E55}.Release|x64.ActiveCfg = Release|Any CPU
		{162ED367-D18F-8BA0-DF9E-6937ED436E55}.Release|x64.Build.0 = Release|Any CPU
		{162ED367-D18F-8BA0-DF9E-6937ED436E55}.Release|x86.ActiveCfg = Release|Any CPU
		{162ED367-D18F-8BA0-DF9E-6937ED436E55}.Release|x86.Build.0 = Release|Any CPU
		{6DB951F1-BAF6-339F-6DF4-8AC007AF84C3}.Debug|Any CPU.ActiveCfg = Release|Any CPU
		{6DB951F1-BAF6-339F-6DF4-8AC007AF84C3}.Debug|Any CPU.Build.0 = Release|Any CPU
		{6DB951F1-BAF6-339F-6DF4-8AC007AF84C3}.Debug|x64.ActiveCfg = Debug|Any CPU
		{6DB951F1-BAF6-339F-6DF4-8AC007AF84C3}.Debug|x64.Build.0 = Debug|Any CPU
		{6DB951F1-BAF6-339F-6DF4-8AC007AF84C3}.Debug|x86.ActiveCfg = Debug|Any CPU
		{6DB951F1-BAF6-339F-6DF4-8AC007AF84C3}.Debug|x86.Build.0 = Debug|Any CPU
		{6DB951F1-BAF6-339F-6DF4-8AC007AF84C3}.Release|Any CPU.ActiveCfg = Release|Any CPU
		{6DB951F1-BAF6-339F-6DF4-8AC007AF84C3}.Release|Any CPU.Build.0 = Release|Any CPU
		{6DB951F1-BAF6-339F-6DF4-8AC007AF84C3}.Release|x64.ActiveCfg = Release|Any CPU
		{6DB951F1-BAF6-339F-6DF4-8AC007AF84C3}.Release|x64.Build.0 = Release|Any CPU
		{6DB951F1-BAF6-339F-6DF4-8AC007AF84C3}.Release|x86.ActiveCfg = Release|Any CPU
		{6DB951F1-BAF6-339F-6DF4-8AC007AF84C3}.Release|x86.Build.0 = Release|Any CPU
		{E73DECD4-7DE6-ABD7-1DCD-033F1ACB30D4}.Debug|Any CPU.ActiveCfg = Release|Any CPU
		{E73DECD4-7DE6-ABD7-1DCD-033F1ACB30D4}.Debug|Any CPU.Build.0 = Release|Any CPU
		{E73DECD4-7DE6-ABD7-1DCD-033F1ACB30D4}.Debug|Any CPU.Deploy.0 = Release|Any CPU
		{E73DECD4-7DE6-ABD7-1DCD-033F1ACB30D4}.Debug|x64.ActiveCfg = Release|Any CPU
		{E73DECD4-7DE6-ABD7-1DCD-033F1ACB30D4}.Debug|x64.Build.0 = Release|Any CPU
		{E73DECD4-7DE6-ABD7-1DCD-033F1ACB30D4}.Debug|x64.Deploy.0 = Release|Any CPU
		{E73DECD4-7DE6-ABD7-1DCD-033F1ACB30D4}.Debug|x86.ActiveCfg = Release|Any CPU
		{E73DECD4-7DE6-ABD7-1DCD-033F1ACB30D4}.Debug|x86.Build.0 = Release|Any CPU
		{E73DECD4-7DE6-ABD7-1DCD-033F1ACB30D4}.Debug|x86.Deploy.0 = Release|Any CPU
		{E73DECD4-7DE6-ABD7-1DCD-033F1ACB30D4}.Release|Any CPU.ActiveCfg = Release|Any CPU
		{E73DECD4-7DE6-ABD7-1DCD-033F1ACB30D4}.Release|Any CPU.Build.0 = Release|Any CPU
		{E73DECD4-7DE6-ABD7-1DCD-033F1ACB30D4}.Release|Any CPU.Deploy.0 = Release|Any CPU
		{E73DECD4-7DE6-ABD7-1DCD-033F1ACB30D4}.Release|x64.ActiveCfg = Release|Any CPU
		{E73DECD4-7DE6-ABD7-1DCD-033F1ACB30D4}.Release|x64.Build.0 = Release|Any CPU
		{E73DECD4-7DE6-ABD7-1DCD-033F1ACB30D4}.Release|x64.Deploy.0 = Release|Any CPU
		{E73DECD4-7DE6-ABD7-1DCD-033F1ACB30D4}.Release|x86.ActiveCfg = Release|Any CPU
		{E73DECD4-7DE6-ABD7-1DCD-033F1ACB30D4}.Release|x86.Build.0 = Release|Any CPU
		{E73DECD4-7DE6-ABD7-1DCD-033F1ACB30D4}.Release|x86.Deploy.0 = Release|Any CPU
		{6EA193B9-FF43-EF07-045E-65C6368A30AF}.Debug|Any CPU.ActiveCfg = Release|Any CPU
		{6EA193B9-FF43-EF07-045E-65C6368A30AF}.Debug|Any CPU.Build.0 = Release|Any CPU
		{6EA193B9-FF43-EF07-045E-65C6368A30AF}.Debug|Any CPU.Deploy.0 = Release|Any CPU
		{6EA193B9-FF43-EF07-045E-65C6368A30AF}.Debug|x64.ActiveCfg = Release|Any CPU
		{6EA193B9-FF43-EF07-045E-65C6368A30AF}.Debug|x64.Build.0 = Release|Any CPU
		{6EA193B9-FF43-EF07-045E-65C6368A30AF}.Debug|x64.Deploy.0 = Release|Any CPU
		{6EA193B9-FF43-EF07-045E-65C6368A30AF}.Debug|x86.ActiveCfg = Release|Any CPU
		{6EA193B9-FF43-EF07-045E-65C6368A30AF}.Debug|x86.Build.0 = Release|Any CPU
		{6EA193B9-FF43-EF07-045E-65C6368A30AF}.Debug|x86.Deploy.0 = Release|Any CPU
		{6EA193B9-FF43-EF07-045E-65C6368A30AF}.Release|Any CPU.ActiveCfg = Release|Any CPU
		{6EA193B9-FF43-EF07-045E-65C6368A30AF}.Release|Any CPU.Build.0 = Release|Any CPU
		{6EA193B9-FF43-EF07-045E-65C6368A30AF}.Release|Any CPU.Deploy.0 = Release|Any CPU
		{6EA193B9-FF43-EF07-045E-65C6368A30AF}.Release|x64.ActiveCfg = Release|Any CPU
		{6EA193B9-FF43-EF07-045E-65C6368A30AF}.Release|x64.Build.0 = Release|Any CPU
		{6EA193B9-FF43-EF07-045E-65C6368A30AF}.Release|x64.Deploy.0 = Release|Any CPU
		{6EA193B9-FF43-EF07-045E-65C6368A30AF}.Release|x86.ActiveCfg = Release|Any CPU
		{6EA193B9-FF43-EF07-045E-65C6368A30AF}.Release|x86.Build.0 = Release|Any CPU
		{6EA193B9-FF43-EF07-045E-65C6368A30AF}.Release|x86.Deploy.0 = Release|Any CPU
		{C307DF9D-77E4-C11D-C557-5851AF8105F8}.Debug|Any CPU.ActiveCfg = Debug|Any CPU
		{C307DF9D-77E4-C11D-C557-5851AF8105F8}.Debug|Any CPU.Build.0 = Debug|Any CPU
		{C307DF9D-77E4-C11D-C557-5851AF8105F8}.Debug|x64.ActiveCfg = Debug|Any CPU
		{C307DF9D-77E4-C11D-C557-5851AF8105F8}.Debug|x64.Build.0 = Debug|Any CPU
		{C307DF9D-77E4-C11D-C557-5851AF8105F8}.Debug|x86.ActiveCfg = Debug|Any CPU
		{C307DF9D-77E4-C11D-C557-5851AF8105F8}.Debug|x86.Build.0 = Debug|Any CPU
		{C307DF9D-77E4-C11D-C557-5851AF8105F8}.Release|Any CPU.ActiveCfg = Release|Any CPU
		{C307DF9D-77E4-C11D-C557-5851AF8105F8}.Release|Any CPU.Build.0 = Release|Any CPU
		{C307DF9D-77E4-C11D-C557-5851AF8105F8}.Release|x64.ActiveCfg = Release|Any CPU
		{C307DF9D-77E4-C11D-C557-5851AF8105F8}.Release|x64.Build.0 = Release|Any CPU
		{C307DF9D-77E4-C11D-C557-5851AF8105F8}.Release|x86.ActiveCfg = Release|Any CPU
		{C307DF9D-77E4-C11D-C557-5851AF8105F8}.Release|x86.Build.0 = Release|Any CPU
		{8FF0CCB1-C826-4F40-8110-A392189B2F79}.Debug|Any CPU.ActiveCfg = Debug|Any CPU
		{8FF0CCB1-C826-4F40-8110-A392189B2F79}.Debug|Any CPU.Build.0 = Debug|Any CPU
		{8FF0CCB1-C826-4F40-8110-A392189B2F79}.Debug|x64.ActiveCfg = Debug|Any CPU
		{8FF0CCB1-C826-4F40-8110-A392189B2F79}.Debug|x64.Build.0 = Debug|Any CPU
		{8FF0CCB1-C826-4F40-8110-A392189B2F79}.Debug|x86.ActiveCfg = Debug|Any CPU
		{8FF0CCB1-C826-4F40-8110-A392189B2F79}.Debug|x86.Build.0 = Debug|Any CPU
		{8FF0CCB1-C826-4F40-8110-A392189B2F79}.Release|Any CPU.ActiveCfg = Release|Any CPU
		{8FF0CCB1-C826-4F40-8110-A392189B2F79}.Release|Any CPU.Build.0 = Release|Any CPU
		{8FF0CCB1-C826-4F40-8110-A392189B2F79}.Release|x64.ActiveCfg = Release|Any CPU
		{8FF0CCB1-C826-4F40-8110-A392189B2F79}.Release|x64.Build.0 = Release|Any CPU
		{8FF0CCB1-C826-4F40-8110-A392189B2F79}.Release|x86.ActiveCfg = Release|Any CPU
		{8FF0CCB1-C826-4F40-8110-A392189B2F79}.Release|x86.Build.0 = Release|Any CPU
		{ACF47F3C-17C3-4818-ADD4-E1DCF3596B40}.Debug|Any CPU.ActiveCfg = Debug|Any CPU
		{ACF47F3C-17C3-4818-ADD4-E1DCF3596B40}.Debug|Any CPU.Build.0 = Debug|Any CPU
		{ACF47F3C-17C3-4818-ADD4-E1DCF3596B40}.Debug|x64.ActiveCfg = Debug|Any CPU
		{ACF47F3C-17C3-4818-ADD4-E1DCF3596B40}.Debug|x64.Build.0 = Debug|Any CPU
		{ACF47F3C-17C3-4818-ADD4-E1DCF3596B40}.Debug|x86.ActiveCfg = Debug|Any CPU
		{ACF47F3C-17C3-4818-ADD4-E1DCF3596B40}.Debug|x86.Build.0 = Debug|Any CPU
		{ACF47F3C-17C3-4818-ADD4-E1DCF3596B40}.Release|Any CPU.ActiveCfg = Release|Any CPU
		{ACF47F3C-17C3-4818-ADD4-E1DCF3596B40}.Release|Any CPU.Build.0 = Release|Any CPU
		{ACF47F3C-17C3-4818-ADD4-E1DCF3596B40}.Release|x64.ActiveCfg = Release|Any CPU
		{ACF47F3C-17C3-4818-ADD4-E1DCF3596B40}.Release|x64.Build.0 = Release|Any CPU
		{ACF47F3C-17C3-4818-ADD4-E1DCF3596B40}.Release|x86.ActiveCfg = Release|Any CPU
		{ACF47F3C-17C3-4818-ADD4-E1DCF3596B40}.Release|x86.Build.0 = Release|Any CPU
		{77647A9D-51B6-ACD1-2CCD-1F9224B412FC}.Debug|Any CPU.ActiveCfg = Release|Any CPU
		{77647A9D-51B6-ACD1-2CCD-1F9224B412FC}.Debug|Any CPU.Build.0 = Release|Any CPU
		{77647A9D-51B6-ACD1-2CCD-1F9224B412FC}.Debug|x64.ActiveCfg = Debug|Any CPU
		{77647A9D-51B6-ACD1-2CCD-1F9224B412FC}.Debug|x64.Build.0 = Debug|Any CPU
		{77647A9D-51B6-ACD1-2CCD-1F9224B412FC}.Debug|x86.ActiveCfg = Debug|Any CPU
		{77647A9D-51B6-ACD1-2CCD-1F9224B412FC}.Debug|x86.Build.0 = Debug|Any CPU
		{77647A9D-51B6-ACD1-2CCD-1F9224B412FC}.Release|Any CPU.ActiveCfg = Release|Any CPU
		{77647A9D-51B6-ACD1-2CCD-1F9224B412FC}.Release|Any CPU.Build.0 = Release|Any CPU
		{77647A9D-51B6-ACD1-2CCD-1F9224B412FC}.Release|x64.ActiveCfg = Release|Any CPU
		{77647A9D-51B6-ACD1-2CCD-1F9224B412FC}.Release|x64.Build.0 = Release|Any CPU
		{77647A9D-51B6-ACD1-2CCD-1F9224B412FC}.Release|x86.ActiveCfg = Release|Any CPU
		{77647A9D-51B6-ACD1-2CCD-1F9224B412FC}.Release|x86.Build.0 = Release|Any CPU
		{6F78FC9C-80A1-1084-2B7B-89FCA3A44543}.Debug|Any CPU.ActiveCfg = Debug|Any CPU
		{6F78FC9C-80A1-1084-2B7B-89FCA3A44543}.Debug|Any CPU.Build.0 = Debug|Any CPU
		{6F78FC9C-80A1-1084-2B7B-89FCA3A44543}.Debug|x64.ActiveCfg = Debug|Any CPU
		{6F78FC9C-80A1-1084-2B7B-89FCA3A44543}.Debug|x64.Build.0 = Debug|Any CPU
		{6F78FC9C-80A1-1084-2B7B-89FCA3A44543}.Debug|x86.ActiveCfg = Debug|Any CPU
		{6F78FC9C-80A1-1084-2B7B-89FCA3A44543}.Debug|x86.Build.0 = Debug|Any CPU
		{6F78FC9C-80A1-1084-2B7B-89FCA3A44543}.Release|Any CPU.ActiveCfg = Release|Any CPU
		{6F78FC9C-80A1-1084-2B7B-89FCA3A44543}.Release|Any CPU.Build.0 = Release|Any CPU
		{6F78FC9C-80A1-1084-2B7B-89FCA3A44543}.Release|x64.ActiveCfg = Release|Any CPU
		{6F78FC9C-80A1-1084-2B7B-89FCA3A44543}.Release|x64.Build.0 = Release|Any CPU
		{6F78FC9C-80A1-1084-2B7B-89FCA3A44543}.Release|x86.ActiveCfg = Release|Any CPU
		{6F78FC9C-80A1-1084-2B7B-89FCA3A44543}.Release|x86.Build.0 = Release|Any CPU
		{81D059C5-CF99-B269-5E17-3D36957A660B}.Debug|Any CPU.ActiveCfg = Debug|Any CPU
		{81D059C5-CF99-B269-5E17-3D36957A660B}.Debug|Any CPU.Build.0 = Debug|Any CPU
		{81D059C5-CF99-B269-5E17-3D36957A660B}.Debug|x64.ActiveCfg = Debug|Any CPU
		{81D059C5-CF99-B269-5E17-3D36957A660B}.Debug|x64.Build.0 = Debug|Any CPU
		{81D059C5-CF99-B269-5E17-3D36957A660B}.Debug|x86.ActiveCfg = Debug|Any CPU
		{81D059C5-CF99-B269-5E17-3D36957A660B}.Debug|x86.Build.0 = Debug|Any CPU
		{81D059C5-CF99-B269-5E17-3D36957A660B}.Release|Any CPU.ActiveCfg = Release|Any CPU
		{81D059C5-CF99-B269-5E17-3D36957A660B}.Release|Any CPU.Build.0 = Release|Any CPU
		{81D059C5-CF99-B269-5E17-3D36957A660B}.Release|x64.ActiveCfg = Release|Any CPU
		{81D059C5-CF99-B269-5E17-3D36957A660B}.Release|x64.Build.0 = Release|Any CPU
		{81D059C5-CF99-B269-5E17-3D36957A660B}.Release|x86.ActiveCfg = Release|Any CPU
		{81D059C5-CF99-B269-5E17-3D36957A660B}.Release|x86.Build.0 = Release|Any CPU
		{C3CD4B0D-376D-452A-5488-6CDDF67B746B}.Debug|Any CPU.ActiveCfg = Release|Any CPU
		{C3CD4B0D-376D-452A-5488-6CDDF67B746B}.Debug|Any CPU.Build.0 = Release|Any CPU
		{C3CD4B0D-376D-452A-5488-6CDDF67B746B}.Debug|x64.ActiveCfg = Debug|Any CPU
		{C3CD4B0D-376D-452A-5488-6CDDF67B746B}.Debug|x64.Build.0 = Debug|Any CPU
		{C3CD4B0D-376D-452A-5488-6CDDF67B746B}.Debug|x86.ActiveCfg = Debug|Any CPU
		{C3CD4B0D-376D-452A-5488-6CDDF67B746B}.Debug|x86.Build.0 = Debug|Any CPU
		{C3CD4B0D-376D-452A-5488-6CDDF67B746B}.Release|Any CPU.ActiveCfg = Release|Any CPU
		{C3CD4B0D-376D-452A-5488-6CDDF67B746B}.Release|Any CPU.Build.0 = Release|Any CPU
		{C3CD4B0D-376D-452A-5488-6CDDF67B746B}.Release|x64.ActiveCfg = Release|Any CPU
		{C3CD4B0D-376D-452A-5488-6CDDF67B746B}.Release|x64.Build.0 = Release|Any CPU
		{C3CD4B0D-376D-452A-5488-6CDDF67B746B}.Release|x86.ActiveCfg = Release|Any CPU
		{C3CD4B0D-376D-452A-5488-6CDDF67B746B}.Release|x86.Build.0 = Release|Any CPU
		{04A15CCB-354C-5E41-0D17-BAF2586AF2E3}.Debug|Any CPU.ActiveCfg = Release|Any CPU
		{04A15CCB-354C-5E41-0D17-BAF2586AF2E3}.Debug|Any CPU.Build.0 = Release|Any CPU
		{04A15CCB-354C-5E41-0D17-BAF2586AF2E3}.Debug|x64.ActiveCfg = Debug|Any CPU
		{04A15CCB-354C-5E41-0D17-BAF2586AF2E3}.Debug|x64.Build.0 = Debug|Any CPU
		{04A15CCB-354C-5E41-0D17-BAF2586AF2E3}.Debug|x86.ActiveCfg = Debug|Any CPU
		{04A15CCB-354C-5E41-0D17-BAF2586AF2E3}.Debug|x86.Build.0 = Debug|Any CPU
		{04A15CCB-354C-5E41-0D17-BAF2586AF2E3}.Release|Any CPU.ActiveCfg = Release|Any CPU
		{04A15CCB-354C-5E41-0D17-BAF2586AF2E3}.Release|Any CPU.Build.0 = Release|Any CPU
		{04A15CCB-354C-5E41-0D17-BAF2586AF2E3}.Release|x64.ActiveCfg = Release|Any CPU
		{04A15CCB-354C-5E41-0D17-BAF2586AF2E3}.Release|x64.Build.0 = Release|Any CPU
		{04A15CCB-354C-5E41-0D17-BAF2586AF2E3}.Release|x86.ActiveCfg = Release|Any CPU
		{04A15CCB-354C-5E41-0D17-BAF2586AF2E3}.Release|x86.Build.0 = Release|Any CPU
		{ACC9747F-7C54-5486-E108-0D078F79CC5B}.Debug|Any CPU.ActiveCfg = Release|Any CPU
		{ACC9747F-7C54-5486-E108-0D078F79CC5B}.Debug|Any CPU.Build.0 = Release|Any CPU
		{ACC9747F-7C54-5486-E108-0D078F79CC5B}.Debug|x64.ActiveCfg = Debug|Any CPU
		{ACC9747F-7C54-5486-E108-0D078F79CC5B}.Debug|x64.Build.0 = Debug|Any CPU
		{ACC9747F-7C54-5486-E108-0D078F79CC5B}.Debug|x86.ActiveCfg = Debug|Any CPU
		{ACC9747F-7C54-5486-E108-0D078F79CC5B}.Debug|x86.Build.0 = Debug|Any CPU
		{ACC9747F-7C54-5486-E108-0D078F79CC5B}.Release|Any CPU.ActiveCfg = Release|Any CPU
		{ACC9747F-7C54-5486-E108-0D078F79CC5B}.Release|Any CPU.Build.0 = Release|Any CPU
		{ACC9747F-7C54-5486-E108-0D078F79CC5B}.Release|x64.ActiveCfg = Release|Any CPU
		{ACC9747F-7C54-5486-E108-0D078F79CC5B}.Release|x64.Build.0 = Release|Any CPU
		{ACC9747F-7C54-5486-E108-0D078F79CC5B}.Release|x86.ActiveCfg = Release|Any CPU
		{ACC9747F-7C54-5486-E108-0D078F79CC5B}.Release|x86.Build.0 = Release|Any CPU
		{35746D76-35D7-6FE6-960F-26CF50E5645C}.Debug|Any CPU.ActiveCfg = Debug|Any CPU
		{35746D76-35D7-6FE6-960F-26CF50E5645C}.Debug|Any CPU.Build.0 = Debug|Any CPU
		{35746D76-35D7-6FE6-960F-26CF50E5645C}.Debug|x64.ActiveCfg = Debug|Any CPU
		{35746D76-35D7-6FE6-960F-26CF50E5645C}.Debug|x64.Build.0 = Debug|Any CPU
		{35746D76-35D7-6FE6-960F-26CF50E5645C}.Debug|x86.ActiveCfg = Debug|Any CPU
		{35746D76-35D7-6FE6-960F-26CF50E5645C}.Debug|x86.Build.0 = Debug|Any CPU
		{35746D76-35D7-6FE6-960F-26CF50E5645C}.Release|Any CPU.ActiveCfg = Release|Any CPU
		{35746D76-35D7-6FE6-960F-26CF50E5645C}.Release|Any CPU.Build.0 = Release|Any CPU
		{35746D76-35D7-6FE6-960F-26CF50E5645C}.Release|x64.ActiveCfg = Release|Any CPU
		{35746D76-35D7-6FE6-960F-26CF50E5645C}.Release|x64.Build.0 = Release|Any CPU
		{35746D76-35D7-6FE6-960F-26CF50E5645C}.Release|x86.ActiveCfg = Release|Any CPU
		{35746D76-35D7-6FE6-960F-26CF50E5645C}.Release|x86.Build.0 = Release|Any CPU
		{3D3B48C6-C7A2-37A0-49DC-FA659D4E1C76}.Debug|Any CPU.ActiveCfg = Release|Any CPU
		{3D3B48C6-C7A2-37A0-49DC-FA659D4E1C76}.Debug|Any CPU.Build.0 = Release|Any CPU
		{3D3B48C6-C7A2-37A0-49DC-FA659D4E1C76}.Debug|x64.ActiveCfg = Debug|Any CPU
		{3D3B48C6-C7A2-37A0-49DC-FA659D4E1C76}.Debug|x64.Build.0 = Debug|Any CPU
		{3D3B48C6-C7A2-37A0-49DC-FA659D4E1C76}.Debug|x86.ActiveCfg = Debug|Any CPU
		{3D3B48C6-C7A2-37A0-49DC-FA659D4E1C76}.Debug|x86.Build.0 = Debug|Any CPU
		{3D3B48C6-C7A2-37A0-49DC-FA659D4E1C76}.Release|Any CPU.ActiveCfg = Release|Any CPU
		{3D3B48C6-C7A2-37A0-49DC-FA659D4E1C76}.Release|Any CPU.Build.0 = Release|Any CPU
		{3D3B48C6-C7A2-37A0-49DC-FA659D4E1C76}.Release|x64.ActiveCfg = Release|Any CPU
		{3D3B48C6-C7A2-37A0-49DC-FA659D4E1C76}.Release|x64.Build.0 = Release|Any CPU
		{3D3B48C6-C7A2-37A0-49DC-FA659D4E1C76}.Release|x86.ActiveCfg = Release|Any CPU
		{3D3B48C6-C7A2-37A0-49DC-FA659D4E1C76}.Release|x86.Build.0 = Release|Any CPU
		{1476DB4E-E74B-AFE1-00C9-06C7169011D3}.Debug|Any CPU.ActiveCfg = Release|Any CPU
		{1476DB4E-E74B-AFE1-00C9-06C7169011D3}.Debug|Any CPU.Build.0 = Release|Any CPU
		{1476DB4E-E74B-AFE1-00C9-06C7169011D3}.Debug|x64.ActiveCfg = Debug|Any CPU
		{1476DB4E-E74B-AFE1-00C9-06C7169011D3}.Debug|x64.Build.0 = Debug|Any CPU
		{1476DB4E-E74B-AFE1-00C9-06C7169011D3}.Debug|x86.ActiveCfg = Debug|Any CPU
		{1476DB4E-E74B-AFE1-00C9-06C7169011D3}.Debug|x86.Build.0 = Debug|Any CPU
		{1476DB4E-E74B-AFE1-00C9-06C7169011D3}.Release|Any CPU.ActiveCfg = Release|Any CPU
		{1476DB4E-E74B-AFE1-00C9-06C7169011D3}.Release|Any CPU.Build.0 = Release|Any CPU
		{1476DB4E-E74B-AFE1-00C9-06C7169011D3}.Release|x64.ActiveCfg = Release|Any CPU
		{1476DB4E-E74B-AFE1-00C9-06C7169011D3}.Release|x64.Build.0 = Release|Any CPU
		{1476DB4E-E74B-AFE1-00C9-06C7169011D3}.Release|x86.ActiveCfg = Release|Any CPU
		{1476DB4E-E74B-AFE1-00C9-06C7169011D3}.Release|x86.Build.0 = Release|Any CPU
		{C7D3673B-DB16-5FA0-C93E-2D7AC9DA015B}.Debug|Any CPU.ActiveCfg = Debug|Any CPU
		{C7D3673B-DB16-5FA0-C93E-2D7AC9DA015B}.Debug|Any CPU.Build.0 = Debug|Any CPU
		{C7D3673B-DB16-5FA0-C93E-2D7AC9DA015B}.Debug|x64.ActiveCfg = Debug|Any CPU
		{C7D3673B-DB16-5FA0-C93E-2D7AC9DA015B}.Debug|x64.Build.0 = Debug|Any CPU
		{C7D3673B-DB16-5FA0-C93E-2D7AC9DA015B}.Debug|x86.ActiveCfg = Debug|Any CPU
		{C7D3673B-DB16-5FA0-C93E-2D7AC9DA015B}.Debug|x86.Build.0 = Debug|Any CPU
		{C7D3673B-DB16-5FA0-C93E-2D7AC9DA015B}.Release|Any CPU.ActiveCfg = Release|Any CPU
		{C7D3673B-DB16-5FA0-C93E-2D7AC9DA015B}.Release|Any CPU.Build.0 = Release|Any CPU
		{C7D3673B-DB16-5FA0-C93E-2D7AC9DA015B}.Release|x64.ActiveCfg = Release|Any CPU
		{C7D3673B-DB16-5FA0-C93E-2D7AC9DA015B}.Release|x64.Build.0 = Release|Any CPU
		{C7D3673B-DB16-5FA0-C93E-2D7AC9DA015B}.Release|x86.ActiveCfg = Release|Any CPU
		{C7D3673B-DB16-5FA0-C93E-2D7AC9DA015B}.Release|x86.Build.0 = Release|Any CPU
	EndGlobalSection
	GlobalSection(SolutionProperties) = preSolution
		HideSolutionNode = FALSE
	EndGlobalSection
	GlobalSection(NestedProjects) = preSolution
		{8E7CB4BF-0105-B641-113C-82400E6973D1} = {B8EFCA5F-814F-285C-A8CB-F00F14650265}
		{5E25EC39-8DE4-0809-F9D5-5B2ADD6C776C} = {8E7CB4BF-0105-B641-113C-82400E6973D1}
		{6B07D736-40EA-F237-289A-9198B3CCBE56} = {8E7CB4BF-0105-B641-113C-82400E6973D1}
		{C650DD59-0D23-5CAE-7B5A-021DF4E33FF1} = {8E7CB4BF-0105-B641-113C-82400E6973D1}
		{77BEC063-0E58-7C28-2F23-5476A2C81D52} = {B8EFCA5F-814F-285C-A8CB-F00F14650265}
		{99C0AF78-599D-5930-5DF2-4427C1469B96} = {77BEC063-0E58-7C28-2F23-5476A2C81D52}
		{914E8081-D049-2C67-3414-E80D3C9E0F7B} = {77BEC063-0E58-7C28-2F23-5476A2C81D52}
		{2589B3AD-8844-6736-B3F5-0B7C3D0C1AC8} = {B8EFCA5F-814F-285C-A8CB-F00F14650265}
		{1F1F523C-D467-8CFF-F2D0-E6D1447E83DC} = {2589B3AD-8844-6736-B3F5-0B7C3D0C1AC8}
		{F8C6E38D-1BCE-295A-861A-B395448B2498} = {2589B3AD-8844-6736-B3F5-0B7C3D0C1AC8}
		{E3258434-1481-1C8C-EF27-C7C844A5811E} = {2589B3AD-8844-6736-B3F5-0B7C3D0C1AC8}
		{D2AB858E-510D-ACB2-A738-56F97C4FBB6B} = {2589B3AD-8844-6736-B3F5-0B7C3D0C1AC8}
		{162ED367-D18F-8BA0-DF9E-6937ED436E55} = {2589B3AD-8844-6736-B3F5-0B7C3D0C1AC8}
		{6DB951F1-BAF6-339F-6DF4-8AC007AF84C3} = {2589B3AD-8844-6736-B3F5-0B7C3D0C1AC8}
		{D98B7A4A-E5A5-9DCB-7E91-50C00CC62AFC} = {B8EFCA5F-814F-285C-A8CB-F00F14650265}
		{E73DECD4-7DE6-ABD7-1DCD-033F1ACB30D4} = {D98B7A4A-E5A5-9DCB-7E91-50C00CC62AFC}
		{6EA193B9-FF43-EF07-045E-65C6368A30AF} = {D98B7A4A-E5A5-9DCB-7E91-50C00CC62AFC}
		{65C8FEB4-BEBB-92A4-3D65-36C0443A7B57} = {B8EFCA5F-814F-285C-A8CB-F00F14650265}
		{C307DF9D-77E4-C11D-C557-5851AF8105F8} = {65C8FEB4-BEBB-92A4-3D65-36C0443A7B57}
		{F42EC42C-33EC-7F91-4CC7-825E1C9B2344} = {B8EFCA5F-814F-285C-A8CB-F00F14650265}
		{8FF0CCB1-C826-4F40-8110-A392189B2F79} = {F42EC42C-33EC-7F91-4CC7-825E1C9B2344}
		{EA8A24C3-56E2-F9D5-7FF9-AEE82BFD265C} = {0AB3BF05-4346-4AA6-1389-037BE0695223}
		{ACF47F3C-17C3-4818-ADD4-E1DCF3596B40} = {EA8A24C3-56E2-F9D5-7FF9-AEE82BFD265C}
		{77647A9D-51B6-ACD1-2CCD-1F9224B412FC} = {EA8A24C3-56E2-F9D5-7FF9-AEE82BFD265C}
		{6F78FC9C-80A1-1084-2B7B-89FCA3A44543} = {EA8A24C3-56E2-F9D5-7FF9-AEE82BFD265C}
		{8186C306-5946-A043-9D75-E5F697E9501E} = {0AB3BF05-4346-4AA6-1389-037BE0695223}
		{81D059C5-CF99-B269-5E17-3D36957A660B} = {8186C306-5946-A043-9D75-E5F697E9501E}
		{44F4ADE7-B310-EFC7-FAD5-FF6CF55D9412} = {0AB3BF05-4346-4AA6-1389-037BE0695223}
		{C3CD4B0D-376D-452A-5488-6CDDF67B746B} = {44F4ADE7-B310-EFC7-FAD5-FF6CF55D9412}
		{04A15CCB-354C-5E41-0D17-BAF2586AF2E3} = {44F4ADE7-B310-EFC7-FAD5-FF6CF55D9412}
		{ACC9747F-7C54-5486-E108-0D078F79CC5B} = {44F4ADE7-B310-EFC7-FAD5-FF6CF55D9412}
		{35746D76-35D7-6FE6-960F-26CF50E5645C} = {44F4ADE7-B310-EFC7-FAD5-FF6CF55D9412}
		{3D3B48C6-C7A2-37A0-49DC-FA659D4E1C76} = {44F4ADE7-B310-EFC7-FAD5-FF6CF55D9412}
		{1476DB4E-E74B-AFE1-00C9-06C7169011D3} = {44F4ADE7-B310-EFC7-FAD5-FF6CF55D9412}
		{22819A62-3269-B322-825B-2EB91FC9E0FD} = {0AB3BF05-4346-4AA6-1389-037BE0695223}
		{C7D3673B-DB16-5FA0-C93E-2D7AC9DA015B} = {22819A62-3269-B322-825B-2EB91FC9E0FD}
	EndGlobalSection
EndGlobal
