
Microsoft Visual Studio Solution File, Format Version 12.00
# Visual Studio Version 17
VisualStudioVersion = 17.14.36017.23
MinimumVisualStudioVersion = 10.0.40219.1
Project("{FAE04EC0-301F-11D3-BF4B-00C04F79EFBC}") = "VttTools.AppHost", "AppHost\VttTools.AppHost.csproj", "{82969919-02A7-82FB-319B-BC53DA90DEF4}"
EndProject
Project("{FAE04EC0-301F-11D3-BF4B-00C04F79EFBC}") = "VttTools.Common.UnitTests", "Common.UnitTests\VttTools.Common.UnitTests.csproj", "{14DD9C04-327D-4379-80A5-7D221239F42D}"
EndProject
Project("{FAE04EC0-301F-11D3-BF4B-00C04F79EFBC}") = "VttTools.Common", "Common\VttTools.Common.csproj", "{3389EF06-E439-4B5B-9B8D-20B64D9C4F74}"
EndProject
Project("{FAE04EC0-301F-11D3-BF4B-00C04F79EFBC}") = "VttTools.Data.UnitTests", "Data.UnitTests\VttTools.Data.UnitTests.csproj", "{FF41C768-938A-4794-8FC6-00BA3D4B9AD4}"
EndProject
Project("{FAE04EC0-301F-11D3-BF4B-00C04F79EFBC}") = "VttTools.Data", "Data\VttTools.Data.csproj", "{E19EBAAB-72D8-412E-BF00-DFA28A86E96C}"
EndProject
Project("{FAE04EC0-301F-11D3-BF4B-00C04F79EFBC}") = "VttTools.Domain.UnitTests", "Domain.UnitTests\VttTools.Domain.UnitTests.csproj", "{AD1C50B0-8271-4B90-8085-DF223CB744B6}"
EndProject
Project("{FAE04EC0-301F-11D3-BF4B-00C04F79EFBC}") = "VttTools.Domain", "Domain\VttTools.Domain.csproj", "{E528BBC3-1C26-8C35-F682-23718816ADCD}"
EndProject
Project("{FAE04EC0-301F-11D3-BF4B-00C04F79EFBC}") = "VttTools.Game.UnitTests", "Game.UnitTests\VttTools.Game.UnitTests.csproj", "{C78BEE63-1AF2-4E6F-8D7D-56CA4F6213AF}"
EndProject
Project("{FAE04EC0-301F-11D3-BF4B-00C04F79EFBC}") = "VttTools.Game", "Game\VttTools.Game.csproj", "{8B0F618C-E22E-3656-A10E-5E15CA8D75E1}"
EndProject
Project("{FAE04EC0-301F-11D3-BF4B-00C04F79EFBC}") = "VttTools.WebApp.UnitTests", "WebApp.UnitTests\VttTools.WebApp.UnitTests.csproj", "{D9C7CE93-8A8E-49A0-A8F5-17FBBDE7993A}"
EndProject
Project("{FAE04EC0-301F-11D3-BF4B-00C04F79EFBC}") = "VttTools.WebApp", "WebApp\VttTools.WebApp.csproj", "{3215F6CF-A442-1C21-6AD3-94ED23F4EBA5}"
EndProject
Project("{FAE04EC0-301F-11D3-BF4B-00C04F79EFBC}") = "VttTools.Library", "Library\VttTools.Library.csproj", "{2E1B10BC-776F-A594-3D19-BFB43ED887AA}"
EndProject
Project("{FAE04EC0-301F-11D3-BF4B-00C04F79EFBC}") = "VttTools.Library.UnitTests", "Library.UnitTests\VttTools.Library.UnitTests.csproj", "{0388BAE0-8100-4C91-9583-DC10955879C2}"
EndProject
Project("{FAE04EC0-301F-11D3-BF4B-00C04F79EFBC}") = "VttTools.Assets", "Assets\VttTools.Assets.csproj", "{EDA1A9D6-ABFF-F87A-3313-1611B194B608}"
EndProject
Project("{FAE04EC0-301F-11D3-BF4B-00C04F79EFBC}") = "VttTools.Assets.UnitTests", "Assets.UnitTests\VttTools.Assets.UnitTests.csproj", "{9B202B4A-DC09-468F-B6AF-027C39B40983}"
EndProject
Project("{2150E333-8FDC-42A3-9474-1A3956D46DE8}") = "0 Common", "0 Common", "{E0C51CF6-9ED0-14AB-B1B3-A82DA2030C4E}"
EndProject
Project("{2150E333-8FDC-42A3-9474-1A3956D46DE8}") = "1 Storage", "1 Storage", "{97F0117C-4C80-BC58-DCEC-8336033BCF1E}"
EndProject
Project("{2150E333-8FDC-42A3-9474-1A3956D46DE8}") = "2 Services", "2 Services", "{203B8805-C264-49FA-5D76-27833C11C791}"
EndProject
Project("{2150E333-8FDC-42A3-9474-1A3956D46DE8}") = "3 WebApp", "3 WebApp", "{D022F89D-C9D8-83AD-B75E-E49E8B3D9230}"
EndProject
Project("{2150E333-8FDC-42A3-9474-1A3956D46DE8}") = "4 Hosting", "4 Hosting", "{7CF50872-D759-840D-BBF7-9E4B0BBD6F52}"
EndProject
Project("{FAE04EC0-301F-11D3-BF4B-00C04F79EFBC}") = "VttTools.WebApp.Abstractions", "WebApp.Abstractions\VttTools.WebApp.Abstractions.csproj", "{76C65D17-2B8A-4FDE-BBFA-0AE0EFE1F5D7}"
EndProject
Project("{FAE04EC0-301F-11D3-BF4B-00C04F79EFBC}") = "VttTools.WebApp.Abstractions.UnitTests", "WebApp.Abstractions.UnitTests\VttTools.WebApp.Abstractions.UnitTests.csproj", "{FF6E48C8-A3FB-4499-BDE6-42AAA408DC72}"
EndProject
Global
	GlobalSection(SolutionConfigurationPlatforms) = preSolution
		Debug|Any CPU = Debug|Any CPU
		Release|Any CPU = Release|Any CPU
		XUnitV3|Any CPU = XUnitV3|Any CPU
	EndGlobalSection
	GlobalSection(ProjectConfigurationPlatforms) = postSolution
		{82969919-02A7-82FB-319B-BC53DA90DEF4}.Debug|Any CPU.ActiveCfg = Debug|Any CPU
		{82969919-02A7-82FB-319B-BC53DA90DEF4}.Debug|Any CPU.Build.0 = Debug|Any CPU
		{82969919-02A7-82FB-319B-BC53DA90DEF4}.Release|Any CPU.ActiveCfg = Release|Any CPU
		{82969919-02A7-82FB-319B-BC53DA90DEF4}.Release|Any CPU.Build.0 = Release|Any CPU
		{82969919-02A7-82FB-319B-BC53DA90DEF4}.XUnitV3|Any CPU.ActiveCfg = Debug|Any CPU
		{82969919-02A7-82FB-319B-BC53DA90DEF4}.XUnitV3|Any CPU.Build.0 = Debug|Any CPU
		{14DD9C04-327D-4379-80A5-7D221239F42D}.Debug|Any CPU.ActiveCfg = Debug|Any CPU
		{14DD9C04-327D-4379-80A5-7D221239F42D}.Debug|Any CPU.Build.0 = Debug|Any CPU
		{14DD9C04-327D-4379-80A5-7D221239F42D}.Release|Any CPU.ActiveCfg = Release|Any CPU
		{14DD9C04-327D-4379-80A5-7D221239F42D}.Release|Any CPU.Build.0 = Release|Any CPU
		{14DD9C04-327D-4379-80A5-7D221239F42D}.XUnitV3|Any CPU.ActiveCfg = Debug|Any CPU
		{14DD9C04-327D-4379-80A5-7D221239F42D}.XUnitV3|Any CPU.Build.0 = Debug|Any CPU
		{3389EF06-E439-4B5B-9B8D-20B64D9C4F74}.Debug|Any CPU.ActiveCfg = Debug|Any CPU
		{3389EF06-E439-4B5B-9B8D-20B64D9C4F74}.Debug|Any CPU.Build.0 = Debug|Any CPU
		{3389EF06-E439-4B5B-9B8D-20B64D9C4F74}.Release|Any CPU.ActiveCfg = Release|Any CPU
		{3389EF06-E439-4B5B-9B8D-20B64D9C4F74}.Release|Any CPU.Build.0 = Release|Any CPU
		{3389EF06-E439-4B5B-9B8D-20B64D9C4F74}.XUnitV3|Any CPU.ActiveCfg = Debug|Any CPU
		{3389EF06-E439-4B5B-9B8D-20B64D9C4F74}.XUnitV3|Any CPU.Build.0 = Debug|Any CPU
		{FF41C768-938A-4794-8FC6-00BA3D4B9AD4}.Debug|Any CPU.ActiveCfg = Debug|Any CPU
		{FF41C768-938A-4794-8FC6-00BA3D4B9AD4}.Debug|Any CPU.Build.0 = Debug|Any CPU
		{FF41C768-938A-4794-8FC6-00BA3D4B9AD4}.Release|Any CPU.ActiveCfg = Release|Any CPU
		{FF41C768-938A-4794-8FC6-00BA3D4B9AD4}.Release|Any CPU.Build.0 = Release|Any CPU
		{FF41C768-938A-4794-8FC6-00BA3D4B9AD4}.XUnitV3|Any CPU.ActiveCfg = Debug|Any CPU
		{FF41C768-938A-4794-8FC6-00BA3D4B9AD4}.XUnitV3|Any CPU.Build.0 = Debug|Any CPU
		{E19EBAAB-72D8-412E-BF00-DFA28A86E96C}.Debug|Any CPU.ActiveCfg = Debug|Any CPU
		{E19EBAAB-72D8-412E-BF00-DFA28A86E96C}.Debug|Any CPU.Build.0 = Debug|Any CPU
		{E19EBAAB-72D8-412E-BF00-DFA28A86E96C}.Release|Any CPU.ActiveCfg = Release|Any CPU
		{E19EBAAB-72D8-412E-BF00-DFA28A86E96C}.Release|Any CPU.Build.0 = Release|Any CPU
		{E19EBAAB-72D8-412E-BF00-DFA28A86E96C}.XUnitV3|Any CPU.ActiveCfg = Debug|Any CPU
		{E19EBAAB-72D8-412E-BF00-DFA28A86E96C}.XUnitV3|Any CPU.Build.0 = Debug|Any CPU
		{AD1C50B0-8271-4B90-8085-DF223CB744B6}.Debug|Any CPU.ActiveCfg = Debug|Any CPU
		{AD1C50B0-8271-4B90-8085-DF223CB744B6}.Debug|Any CPU.Build.0 = Debug|Any CPU
		{AD1C50B0-8271-4B90-8085-DF223CB744B6}.Release|Any CPU.ActiveCfg = Release|Any CPU
		{AD1C50B0-8271-4B90-8085-DF223CB744B6}.Release|Any CPU.Build.0 = Release|Any CPU
		{AD1C50B0-8271-4B90-8085-DF223CB744B6}.XUnitV3|Any CPU.ActiveCfg = Debug|Any CPU
		{AD1C50B0-8271-4B90-8085-DF223CB744B6}.XUnitV3|Any CPU.Build.0 = Debug|Any CPU
		{E528BBC3-1C26-8C35-F682-23718816ADCD}.Debug|Any CPU.ActiveCfg = Debug|Any CPU
		{E528BBC3-1C26-8C35-F682-23718816ADCD}.Debug|Any CPU.Build.0 = Debug|Any CPU
		{E528BBC3-1C26-8C35-F682-23718816ADCD}.Release|Any CPU.ActiveCfg = Release|Any CPU
		{E528BBC3-1C26-8C35-F682-23718816ADCD}.Release|Any CPU.Build.0 = Release|Any CPU
		{E528BBC3-1C26-8C35-F682-23718816ADCD}.XUnitV3|Any CPU.ActiveCfg = Debug|Any CPU
		{E528BBC3-1C26-8C35-F682-23718816ADCD}.XUnitV3|Any CPU.Build.0 = Debug|Any CPU
		{C78BEE63-1AF2-4E6F-8D7D-56CA4F6213AF}.Debug|Any CPU.ActiveCfg = Debug|Any CPU
		{C78BEE63-1AF2-4E6F-8D7D-56CA4F6213AF}.Debug|Any CPU.Build.0 = Debug|Any CPU
		{C78BEE63-1AF2-4E6F-8D7D-56CA4F6213AF}.Release|Any CPU.ActiveCfg = Release|Any CPU
		{C78BEE63-1AF2-4E6F-8D7D-56CA4F6213AF}.Release|Any CPU.Build.0 = Release|Any CPU
		{C78BEE63-1AF2-4E6F-8D7D-56CA4F6213AF}.XUnitV3|Any CPU.ActiveCfg = Debug|Any CPU
		{C78BEE63-1AF2-4E6F-8D7D-56CA4F6213AF}.XUnitV3|Any CPU.Build.0 = Debug|Any CPU
		{8B0F618C-E22E-3656-A10E-5E15CA8D75E1}.Debug|Any CPU.ActiveCfg = Debug|Any CPU
		{8B0F618C-E22E-3656-A10E-5E15CA8D75E1}.Debug|Any CPU.Build.0 = Debug|Any CPU
		{8B0F618C-E22E-3656-A10E-5E15CA8D75E1}.Release|Any CPU.ActiveCfg = Release|Any CPU
		{8B0F618C-E22E-3656-A10E-5E15CA8D75E1}.Release|Any CPU.Build.0 = Release|Any CPU
		{8B0F618C-E22E-3656-A10E-5E15CA8D75E1}.XUnitV3|Any CPU.ActiveCfg = Debug|Any CPU
		{8B0F618C-E22E-3656-A10E-5E15CA8D75E1}.XUnitV3|Any CPU.Build.0 = Debug|Any CPU
		{D9C7CE93-8A8E-49A0-A8F5-17FBBDE7993A}.Debug|Any CPU.ActiveCfg = Debug|Any CPU
		{D9C7CE93-8A8E-49A0-A8F5-17FBBDE7993A}.Debug|Any CPU.Build.0 = Debug|Any CPU
		{D9C7CE93-8A8E-49A0-A8F5-17FBBDE7993A}.Release|Any CPU.ActiveCfg = Release|Any CPU
		{D9C7CE93-8A8E-49A0-A8F5-17FBBDE7993A}.Release|Any CPU.Build.0 = Release|Any CPU
		{D9C7CE93-8A8E-49A0-A8F5-17FBBDE7993A}.XUnitV3|Any CPU.ActiveCfg = XUnitV3|Any CPU
		{D9C7CE93-8A8E-49A0-A8F5-17FBBDE7993A}.XUnitV3|Any CPU.Build.0 = XUnitV3|Any CPU
		{3215F6CF-A442-1C21-6AD3-94ED23F4EBA5}.Debug|Any CPU.ActiveCfg = Debug|Any CPU
		{3215F6CF-A442-1C21-6AD3-94ED23F4EBA5}.Debug|Any CPU.Build.0 = Debug|Any CPU
		{3215F6CF-A442-1C21-6AD3-94ED23F4EBA5}.Release|Any CPU.ActiveCfg = Release|Any CPU
		{3215F6CF-A442-1C21-6AD3-94ED23F4EBA5}.Release|Any CPU.Build.0 = Release|Any CPU
		{3215F6CF-A442-1C21-6AD3-94ED23F4EBA5}.XUnitV3|Any CPU.ActiveCfg = Debug|Any CPU
		{3215F6CF-A442-1C21-6AD3-94ED23F4EBA5}.XUnitV3|Any CPU.Build.0 = Debug|Any CPU
		{2E1B10BC-776F-A594-3D19-BFB43ED887AA}.Debug|Any CPU.ActiveCfg = Debug|Any CPU
		{2E1B10BC-776F-A594-3D19-BFB43ED887AA}.Debug|Any CPU.Build.0 = Debug|Any CPU
		{2E1B10BC-776F-A594-3D19-BFB43ED887AA}.Release|Any CPU.ActiveCfg = Release|Any CPU
		{2E1B10BC-776F-A594-3D19-BFB43ED887AA}.Release|Any CPU.Build.0 = Release|Any CPU
		{2E1B10BC-776F-A594-3D19-BFB43ED887AA}.XUnitV3|Any CPU.ActiveCfg = Release|Any CPU
		{2E1B10BC-776F-A594-3D19-BFB43ED887AA}.XUnitV3|Any CPU.Build.0 = Release|Any CPU
		{0388BAE0-8100-4C91-9583-DC10955879C2}.Debug|Any CPU.ActiveCfg = Debug|Any CPU
		{0388BAE0-8100-4C91-9583-DC10955879C2}.Debug|Any CPU.Build.0 = Debug|Any CPU
		{0388BAE0-8100-4C91-9583-DC10955879C2}.Release|Any CPU.ActiveCfg = Release|Any CPU
		{0388BAE0-8100-4C91-9583-DC10955879C2}.Release|Any CPU.Build.0 = Release|Any CPU
		{0388BAE0-8100-4C91-9583-DC10955879C2}.XUnitV3|Any CPU.ActiveCfg = Release|Any CPU
		{0388BAE0-8100-4C91-9583-DC10955879C2}.XUnitV3|Any CPU.Build.0 = Release|Any CPU
		{EDA1A9D6-ABFF-F87A-3313-1611B194B608}.Debug|Any CPU.ActiveCfg = Debug|Any CPU
		{EDA1A9D6-ABFF-F87A-3313-1611B194B608}.Debug|Any CPU.Build.0 = Debug|Any CPU
		{EDA1A9D6-ABFF-F87A-3313-1611B194B608}.Release|Any CPU.ActiveCfg = Release|Any CPU
		{EDA1A9D6-ABFF-F87A-3313-1611B194B608}.Release|Any CPU.Build.0 = Release|Any CPU
		{EDA1A9D6-ABFF-F87A-3313-1611B194B608}.XUnitV3|Any CPU.ActiveCfg = Release|Any CPU
		{EDA1A9D6-ABFF-F87A-3313-1611B194B608}.XUnitV3|Any CPU.Build.0 = Release|Any CPU
		{9B202B4A-DC09-468F-B6AF-027C39B40983}.Debug|Any CPU.ActiveCfg = Debug|Any CPU
		{9B202B4A-DC09-468F-B6AF-027C39B40983}.Debug|Any CPU.Build.0 = Debug|Any CPU
		{9B202B4A-DC09-468F-B6AF-027C39B40983}.Release|Any CPU.ActiveCfg = Release|Any CPU
		{9B202B4A-DC09-468F-B6AF-027C39B40983}.Release|Any CPU.Build.0 = Release|Any CPU
		{9B202B4A-DC09-468F-B6AF-027C39B40983}.XUnitV3|Any CPU.ActiveCfg = Release|Any CPU
		{9B202B4A-DC09-468F-B6AF-027C39B40983}.XUnitV3|Any CPU.Build.0 = Release|Any CPU
		{76C65D17-2B8A-4FDE-BBFA-0AE0EFE1F5D7}.Debug|Any CPU.ActiveCfg = Debug|Any CPU
		{76C65D17-2B8A-4FDE-BBFA-0AE0EFE1F5D7}.Debug|Any CPU.Build.0 = Debug|Any CPU
		{76C65D17-2B8A-4FDE-BBFA-0AE0EFE1F5D7}.Release|Any CPU.ActiveCfg = Release|Any CPU
		{76C65D17-2B8A-4FDE-BBFA-0AE0EFE1F5D7}.Release|Any CPU.Build.0 = Release|Any CPU
		{76C65D17-2B8A-4FDE-BBFA-0AE0EFE1F5D7}.XUnitV3|Any CPU.ActiveCfg = Release|Any CPU
		{76C65D17-2B8A-4FDE-BBFA-0AE0EFE1F5D7}.XUnitV3|Any CPU.Build.0 = Release|Any CPU
		{FF6E48C8-A3FB-4499-BDE6-42AAA408DC72}.Debug|Any CPU.ActiveCfg = Debug|Any CPU
		{FF6E48C8-A3FB-4499-BDE6-42AAA408DC72}.Debug|Any CPU.Build.0 = Debug|Any CPU
		{FF6E48C8-A3FB-4499-BDE6-42AAA408DC72}.Release|Any CPU.ActiveCfg = Release|Any CPU
		{FF6E48C8-A3FB-4499-BDE6-42AAA408DC72}.Release|Any CPU.Build.0 = Release|Any CPU
		{FF6E48C8-A3FB-4499-BDE6-42AAA408DC72}.XUnitV3|Any CPU.ActiveCfg = Release|Any CPU
		{FF6E48C8-A3FB-4499-BDE6-42AAA408DC72}.XUnitV3|Any CPU.Build.0 = Release|Any CPU
	EndGlobalSection
	GlobalSection(SolutionProperties) = preSolution
		HideSolutionNode = FALSE
	EndGlobalSection
	GlobalSection(NestedProjects) = preSolution
		{82969919-02A7-82FB-319B-BC53DA90DEF4} = {7CF50872-D759-840D-BBF7-9E4B0BBD6F52}
		{14DD9C04-327D-4379-80A5-7D221239F42D} = {E0C51CF6-9ED0-14AB-B1B3-A82DA2030C4E}
		{3389EF06-E439-4B5B-9B8D-20B64D9C4F74} = {E0C51CF6-9ED0-14AB-B1B3-A82DA2030C4E}
		{FF41C768-938A-4794-8FC6-00BA3D4B9AD4} = {97F0117C-4C80-BC58-DCEC-8336033BCF1E}
		{E19EBAAB-72D8-412E-BF00-DFA28A86E96C} = {97F0117C-4C80-BC58-DCEC-8336033BCF1E}
		{AD1C50B0-8271-4B90-8085-DF223CB744B6} = {E0C51CF6-9ED0-14AB-B1B3-A82DA2030C4E}
		{E528BBC3-1C26-8C35-F682-23718816ADCD} = {E0C51CF6-9ED0-14AB-B1B3-A82DA2030C4E}
		{C78BEE63-1AF2-4E6F-8D7D-56CA4F6213AF} = {203B8805-C264-49FA-5D76-27833C11C791}
		{8B0F618C-E22E-3656-A10E-5E15CA8D75E1} = {203B8805-C264-49FA-5D76-27833C11C791}
		{D9C7CE93-8A8E-49A0-A8F5-17FBBDE7993A} = {D022F89D-C9D8-83AD-B75E-E49E8B3D9230}
		{3215F6CF-A442-1C21-6AD3-94ED23F4EBA5} = {D022F89D-C9D8-83AD-B75E-E49E8B3D9230}
		{2E1B10BC-776F-A594-3D19-BFB43ED887AA} = {203B8805-C264-49FA-5D76-27833C11C791}
		{0388BAE0-8100-4C91-9583-DC10955879C2} = {203B8805-C264-49FA-5D76-27833C11C791}
		{EDA1A9D6-ABFF-F87A-3313-1611B194B608} = {203B8805-C264-49FA-5D76-27833C11C791}
		{9B202B4A-DC09-468F-B6AF-027C39B40983} = {203B8805-C264-49FA-5D76-27833C11C791}
		{76C65D17-2B8A-4FDE-BBFA-0AE0EFE1F5D7} = {D022F89D-C9D8-83AD-B75E-E49E8B3D9230}
		{FF6E48C8-A3FB-4499-BDE6-42AAA408DC72} = {D022F89D-C9D8-83AD-B75E-E49E8B3D9230}
	EndGlobalSection
	GlobalSection(ExtensibilityGlobals) = postSolution
		SolutionGuid = {731C041F-9097-4ACA-A3E9-E5CC1CCABEDF}
	EndGlobalSection
EndGlobal
